
Microsoft Visual Studio Solution File, Format Version 12.00
# Visual Studio Version 17
VisualStudioVersion = 17.0.31612.314
MinimumVisualStudioVersion = 10.0.40219.1
Project("{9A19103F-16F7-4668-BE54-9A1E7A4F7556}") = "Arc4u", "Arc4u\Arc4u.csproj", "{CCA589E1-100F-47A6-A34B-FD46FDFDAA2A}"
EndProject
Project("{9A19103F-16F7-4668-BE54-9A1E7A4F7556}") = "Arc4u.Diagnostics", "Arc4u.Diagnostics\Arc4u.Diagnostics.csproj", "{511B1EB2-F853-4C5C-80A7-0825AECF1BBE}"
EndProject
Project("{9A19103F-16F7-4668-BE54-9A1E7A4F7556}") = "Arc4u.Data", "Arc4u.Data\Arc4u.Data.csproj", "{B270FC8C-6B28-40FA-BA78-B73F720DB98D}"
EndProject
Project("{9A19103F-16F7-4668-BE54-9A1E7A4F7556}") = "Arc4u.Diagnostics.Serilog", "Arc4u.Diagnostics.Serilog\Arc4u.Diagnostics.Serilog.csproj", "{705ADAFC-9C5C-4DCB-93C5-B71D49371074}"
EndProject
Project("{9A19103F-16F7-4668-BE54-9A1E7A4F7556}") = "Arc4u.Diagnostics.Serilog.Sinks.RealmDb", "Arc4u.Diagnostics.Serilog.Sinks.RealmDb\Arc4u.Diagnostics.Serilog.Sinks.RealmDb.csproj", "{C1048831-D985-481B-BA50-2840315EFFEA}"
EndProject
Project("{9A19103F-16F7-4668-BE54-9A1E7A4F7556}") = "Arc4u.OAuth2", "Arc4u.OAuth2\Arc4u.OAuth2.csproj", "{29DA3E34-4769-457F-B583-8BCFF5958E41}"
EndProject
Project("{9A19103F-16F7-4668-BE54-9A1E7A4F7556}") = "Arc4u.OAuth2.Client", "Arc4u.OAuth2.Client\Arc4u.OAuth2.Client.csproj", "{531058F7-1DD4-4E51-8727-A2D038B57274}"
EndProject
Project("{9A19103F-16F7-4668-BE54-9A1E7A4F7556}") = "Arc4u.Threading", "Arc4u.Threading\Arc4u.Threading.csproj", "{1AD8095D-CEF1-486F-912B-CB9C6DCE0A20}"
EndProject
Project("{9A19103F-16F7-4668-BE54-9A1E7A4F7556}") = "Arc4u.Caching", "Arc4u.Caching\Arc4u.Caching.csproj", "{4AC131B6-9FF2-4F66-A2DE-BE66C3CA366B}"
EndProject
Project("{9A19103F-16F7-4668-BE54-9A1E7A4F7556}") = "Arc4u.Caching.Redis", "Arc4u.Caching.Redis\Arc4u.Caching.Redis.csproj", "{42B7DC08-23E2-4854-A5DB-71E9FB3BAF6D}"
EndProject
Project("{9A19103F-16F7-4668-BE54-9A1E7A4F7556}") = "Arc4u.Dependency", "Arc4u.Dependency\Arc4u.Dependency.csproj", "{51D25BBB-E6E5-46AF-81A1-B854F715F2C0}"
EndProject
Project("{2150E333-8FDC-42A3-9474-1A3956D46DE8}") = "Buids", "Buids", "{F1132B3C-F2DA-48A8-A79F-B188C7D668F1}"
	ProjectSection(SolutionItems) = preProject
		Builds\SetNuGetPackageIdPrefix.ps1 = Builds\SetNuGetPackageIdPrefix.ps1
		Builds\SetVersion.ps1 = Builds\SetVersion.ps1
	EndProjectSection
EndProject
Project("{9A19103F-16F7-4668-BE54-9A1E7A4F7556}") = "Arc4u.Dependency.ComponentModel", "Arc4u.Dependency.ComponentModel\Arc4u.Dependency.ComponentModel.csproj", "{150D036C-4B66-4A99-BAA9-28AC0A81E2D7}"
EndProject
Project("{9A19103F-16F7-4668-BE54-9A1E7A4F7556}") = "Arc4u.Core", "Arc4u.Core\Arc4u.Core.csproj", "{F333A9E4-52F7-473D-AFCE-46A4FCFE844C}"
EndProject
Project("{9A19103F-16F7-4668-BE54-9A1E7A4F7556}") = "Arc4u.Serializer", "Arc4u.Serializer\Arc4u.Serializer.csproj", "{9B9ABE45-A069-4E97-BAEF-5C273CF4C8AB}"
EndProject
Project("{9A19103F-16F7-4668-BE54-9A1E7A4F7556}") = "Arc4u.Caching.Sql", "Arc4u.Caching.Sql\Arc4u.Caching.Sql.csproj", "{0F2EEF43-174D-436D-A5B1-DA92D3EF9B25}"
EndProject
Project("{9A19103F-16F7-4668-BE54-9A1E7A4F7556}") = "Arc4u.Caching.Memory", "Arc4u.Caching.Memory\Arc4u.Caching.Memory.csproj", "{C10B3D6C-E5E4-4365-B5E5-826A2C7A44AE}"
EndProject
Project("{9A19103F-16F7-4668-BE54-9A1E7A4F7556}") = "Arc4u.Configuration", "Arc4u.Configuration\Arc4u.Configuration.csproj", "{62867DEB-C095-4D34-8C56-3F0C3A0FE3B7}"
EndProject
Project("{9A19103F-16F7-4668-BE54-9A1E7A4F7556}") = "Arc4u.NServiceBus", "Arc4u.NServiceBus\Arc4u.NServiceBus.csproj", "{39E14B92-11E6-433E-8B5C-082485F16DA9}"
EndProject
Project("{9A19103F-16F7-4668-BE54-9A1E7A4F7556}") = "Arc4u.NServiceBus.RabbitMQ", "Arc4u.NServiceBus.RabbitMQ\Arc4u.NServiceBus.RabbitMQ.csproj", "{F0D96654-0415-4540-A224-44C2585F825E}"
EndProject
Project("{9A19103F-16F7-4668-BE54-9A1E7A4F7556}") = "Arc4u.EfCore", "Arc4u.EfCore\Arc4u.EfCore.csproj", "{86290E0E-3450-4CFD-80B3-8EED35E2A121}"
EndProject
Project("{2150E333-8FDC-42A3-9474-1A3956D46DE8}") = "Solution Items", "Solution Items", "{D68BF228-5E3B-4640-8307-EB83AF551FF3}"
	ProjectSection(SolutionItems) = preProject
		Licensing.txt = Licensing.txt
	EndProjectSection
EndProject
Project("{9A19103F-16F7-4668-BE54-9A1E7A4F7556}") = "Arc4u.OAuth2.Blazor", "Arc4u.OAuth2.Blazor\Arc4u.OAuth2.Blazor.csproj", "{64CBEAB5-41B7-47CE-95E7-62CE3ECFE2FC}"
EndProject
Project("{9A19103F-16F7-4668-BE54-9A1E7A4F7556}") = "Arc4u.OAuth2.AspNetCore", "Arc4u.OAuth2.AspNetCore\Arc4u.OAuth2.AspNetCore.csproj", "{F0EF3965-11F5-4F8E-8D8C-8A1BC32DFFE0}"
EndProject
Project("{9A19103F-16F7-4668-BE54-9A1E7A4F7556}") = "Arc4u.NServiceBus.Core", "Arc4u.NServiceBus.Core\Arc4u.NServiceBus.Core.csproj", "{E954455E-AB54-4144-B784-1E68B6548482}"
EndProject
Project("{9A19103F-16F7-4668-BE54-9A1E7A4F7556}") = "Arc4u.gRPC", "Arc4u.gRPC\Arc4u.gRPC.csproj", "{1959B659-8A69-4D68-A198-C627464C2143}"
EndProject
Project("{9A19103F-16F7-4668-BE54-9A1E7A4F7556}") = "Arc4u.AspNetCore.gRpc", "Arc4u.AspNetCore.gRpc\Arc4u.AspNetCore.gRpc.csproj", "{5157EBFA-D53F-49A3-BDC6-B4887D4F6E2F}"
EndProject
Project("{9A19103F-16F7-4668-BE54-9A1E7A4F7556}") = "Arc4u.MongoDB", "Arc4u.MongoDB\Arc4u.MongoDB.csproj", "{FCFE7961-7B48-42BF-BD72-67A1C0858BB1}"
EndProject
Project("{9A19103F-16F7-4668-BE54-9A1E7A4F7556}") = "Arc4u.Serializer.JSon", "Arc4u.Serializer.JSon\Arc4u.Serializer.JSon.csproj", "{FACC7AF6-8AAF-41B9-A0EF-0E6285EE1CA7}"
EndProject
Project("{9A19103F-16F7-4668-BE54-9A1E7A4F7556}") = "Arc4u.OAuth2.AspNetCore.Blazor", "Arc4u.OAuth2.AspNetCore.Blazor\Arc4u.OAuth2.AspNetCore.Blazor.csproj", "{F854BCF4-D7DF-46D3-809A-0EF53586EC00}"
EndProject
Project("{9A19103F-16F7-4668-BE54-9A1E7A4F7556}") = "Arc4u.OAuth2.Msal", "Arc4u.OAuth.Msal\Arc4u.OAuth2.Msal.csproj", "{F018AC7E-2799-48E3-BAC0-79C94452085A}"
EndProject
Project("{9A19103F-16F7-4668-BE54-9A1E7A4F7556}") = "Arc4u.FluentValidation", "Arc4u.FluentValidation\Arc4u.FluentValidation.csproj", "{46D4C073-FD32-4C23-B22A-306E69122BF6}"
EndProject
Project("{9A19103F-16F7-4668-BE54-9A1E7A4F7556}") = "Arc4u.UnitTest", "Arc4u.UnitTest\Arc4u.UnitTest.csproj", "{30D7D397-A29D-4148-AD66-EF26495A5BC0}"
EndProject
Project("{9A19103F-16F7-4668-BE54-9A1E7A4F7556}") = "Arc4u.Prism.DI.Wpf", "Arc4u.Prism.DI.Wpf\Arc4u.Prism.DI.Wpf.csproj", "{54E25127-FE77-4B89-BB76-7915E7C12F3B}"
EndProject
Project("{9A19103F-16F7-4668-BE54-9A1E7A4F7556}") = "Arc4u.Caching.Dapr", "Arc4u.Caching.Dapr\Arc4u.Caching.Dapr.csproj", "{EA273269-7720-48DE-8866-FC82E2C9490F}"
EndProject
Project("{9A19103F-16F7-4668-BE54-9A1E7A4F7556}") = "Arc4u.OData", "Arc4u.OData\Arc4u.OData.csproj", "{6ED0D79F-96D4-418A-9C75-69E165FA5682}"
EndProject
Project("{9A19103F-16F7-4668-BE54-9A1E7A4F7556}") = "Arc4u.OAuth2.AspNetCore.Authentication", "Arc4u.OAuth2.AspNetCore.Authentication\Arc4u.OAuth2.AspNetCore.Authentication.csproj", "{FB64F43E-F22E-4202-9F33-840CB7F44AA1}"
EndProject
Project("{9A19103F-16F7-4668-BE54-9A1E7A4F7556}") = "Arc4u.Configuration.Decryptor", "Arc4u.Configuration.Decryptor\Arc4u.Configuration.Decryptor.csproj", "{EB7B7062-7366-4262-8686-3DDAA19141B4}"
EndProject
Project("{9A19103F-16F7-4668-BE54-9A1E7A4F7556}") = "Arc4u.Authorization", "Arc4u.Authorization\Arc4u.Authorization.csproj", "{B16F1734-B286-4898-8B15-EFA0D17DA912}"
EndProject
Project("{9A19103F-16F7-4668-BE54-9A1E7A4F7556}") = "Arc4u.Dispatcher", "Arc4u.Dispatcher\Arc4u.Dispatcher.csproj", "{06393D15-0DA9-40FA-84A1-9A822B627B52}"
EndProject
Project("{9A19103F-16F7-4668-BE54-9A1E7A4F7556}") = "Arc4u.Configuration.Store", "Arc4u.Configuration.Store\Arc4u.Configuration.Store.csproj", "{1910732C-CF4C-4411-B29F-F75185DD2F9B}"
EndProject
Project("{9A19103F-16F7-4668-BE54-9A1E7A4F7556}") = "Arc4u.Configuration.Store.EFCore", "Arc4u.Configuration.Store.EFCore\Arc4u.Configuration.Store.EFCore.csproj", "{2B61C53F-ECFC-471D-AB98-0D23FF2D071A}"
EndProject
Project("{9A19103F-16F7-4668-BE54-9A1E7A4F7556}") = "Arc4u.Results", "Arc4u.Results\Arc4u.Results.csproj", "{6FD0A0B7-A94C-4DBD-AF62-CE3B5359F088}"
EndProject
Project("{9A19103F-16F7-4668-BE54-9A1E7A4F7556}") = "Arc4u.AspNetCore.Results", "Arc4u.AspNetCore.Results\Arc4u.AspNetCore.Results.csproj", "{AE2BA9A5-AFCD-4D98-87DC-71D6DCBC2C21}"
EndProject
Project("{FAE04EC0-301F-11D3-BF4B-00C04F79EFBC}") = "Arc4u.Dependency.Tool", "Arc4u.Dependency.Tool\Arc4u.Dependency.Tool.csproj", "{2C83BE21-3C11-46B2-9831-5B84E4912BFB}"
EndProject
Global
	GlobalSection(SolutionConfigurationPlatforms) = preSolution
		Debug|Any CPU = Debug|Any CPU
		Debug|ARM = Debug|ARM
		Debug|ARM64 = Debug|ARM64
		Debug|x64 = Debug|x64
		Debug|x86 = Debug|x86
		Release|Any CPU = Release|Any CPU
		Release|ARM = Release|ARM
		Release|ARM64 = Release|ARM64
		Release|x64 = Release|x64
		Release|x86 = Release|x86
	EndGlobalSection
	GlobalSection(ProjectConfigurationPlatforms) = postSolution
		{CCA589E1-100F-47A6-A34B-FD46FDFDAA2A}.Debug|Any CPU.ActiveCfg = Debug|Any CPU
		{CCA589E1-100F-47A6-A34B-FD46FDFDAA2A}.Debug|Any CPU.Build.0 = Debug|Any CPU
		{CCA589E1-100F-47A6-A34B-FD46FDFDAA2A}.Debug|ARM.ActiveCfg = Debug|Any CPU
		{CCA589E1-100F-47A6-A34B-FD46FDFDAA2A}.Debug|ARM.Build.0 = Debug|Any CPU
		{CCA589E1-100F-47A6-A34B-FD46FDFDAA2A}.Debug|ARM64.ActiveCfg = Debug|Any CPU
		{CCA589E1-100F-47A6-A34B-FD46FDFDAA2A}.Debug|ARM64.Build.0 = Debug|Any CPU
		{CCA589E1-100F-47A6-A34B-FD46FDFDAA2A}.Debug|x64.ActiveCfg = Debug|Any CPU
		{CCA589E1-100F-47A6-A34B-FD46FDFDAA2A}.Debug|x64.Build.0 = Debug|Any CPU
		{CCA589E1-100F-47A6-A34B-FD46FDFDAA2A}.Debug|x86.ActiveCfg = Debug|Any CPU
		{CCA589E1-100F-47A6-A34B-FD46FDFDAA2A}.Debug|x86.Build.0 = Debug|Any CPU
		{CCA589E1-100F-47A6-A34B-FD46FDFDAA2A}.Release|Any CPU.ActiveCfg = Release|Any CPU
		{CCA589E1-100F-47A6-A34B-FD46FDFDAA2A}.Release|Any CPU.Build.0 = Release|Any CPU
		{CCA589E1-100F-47A6-A34B-FD46FDFDAA2A}.Release|ARM.ActiveCfg = Release|Any CPU
		{CCA589E1-100F-47A6-A34B-FD46FDFDAA2A}.Release|ARM.Build.0 = Release|Any CPU
		{CCA589E1-100F-47A6-A34B-FD46FDFDAA2A}.Release|ARM64.ActiveCfg = Release|Any CPU
		{CCA589E1-100F-47A6-A34B-FD46FDFDAA2A}.Release|ARM64.Build.0 = Release|Any CPU
		{CCA589E1-100F-47A6-A34B-FD46FDFDAA2A}.Release|x64.ActiveCfg = Release|Any CPU
		{CCA589E1-100F-47A6-A34B-FD46FDFDAA2A}.Release|x64.Build.0 = Release|Any CPU
		{CCA589E1-100F-47A6-A34B-FD46FDFDAA2A}.Release|x86.ActiveCfg = Release|Any CPU
		{CCA589E1-100F-47A6-A34B-FD46FDFDAA2A}.Release|x86.Build.0 = Release|Any CPU
		{511B1EB2-F853-4C5C-80A7-0825AECF1BBE}.Debug|Any CPU.ActiveCfg = Debug|Any CPU
		{511B1EB2-F853-4C5C-80A7-0825AECF1BBE}.Debug|Any CPU.Build.0 = Debug|Any CPU
		{511B1EB2-F853-4C5C-80A7-0825AECF1BBE}.Debug|ARM.ActiveCfg = Debug|Any CPU
		{511B1EB2-F853-4C5C-80A7-0825AECF1BBE}.Debug|ARM.Build.0 = Debug|Any CPU
		{511B1EB2-F853-4C5C-80A7-0825AECF1BBE}.Debug|ARM64.ActiveCfg = Debug|Any CPU
		{511B1EB2-F853-4C5C-80A7-0825AECF1BBE}.Debug|ARM64.Build.0 = Debug|Any CPU
		{511B1EB2-F853-4C5C-80A7-0825AECF1BBE}.Debug|x64.ActiveCfg = Debug|Any CPU
		{511B1EB2-F853-4C5C-80A7-0825AECF1BBE}.Debug|x64.Build.0 = Debug|Any CPU
		{511B1EB2-F853-4C5C-80A7-0825AECF1BBE}.Debug|x86.ActiveCfg = Debug|Any CPU
		{511B1EB2-F853-4C5C-80A7-0825AECF1BBE}.Debug|x86.Build.0 = Debug|Any CPU
		{511B1EB2-F853-4C5C-80A7-0825AECF1BBE}.Release|Any CPU.ActiveCfg = Release|Any CPU
		{511B1EB2-F853-4C5C-80A7-0825AECF1BBE}.Release|Any CPU.Build.0 = Release|Any CPU
		{511B1EB2-F853-4C5C-80A7-0825AECF1BBE}.Release|ARM.ActiveCfg = Release|Any CPU
		{511B1EB2-F853-4C5C-80A7-0825AECF1BBE}.Release|ARM.Build.0 = Release|Any CPU
		{511B1EB2-F853-4C5C-80A7-0825AECF1BBE}.Release|ARM64.ActiveCfg = Release|Any CPU
		{511B1EB2-F853-4C5C-80A7-0825AECF1BBE}.Release|ARM64.Build.0 = Release|Any CPU
		{511B1EB2-F853-4C5C-80A7-0825AECF1BBE}.Release|x64.ActiveCfg = Release|Any CPU
		{511B1EB2-F853-4C5C-80A7-0825AECF1BBE}.Release|x64.Build.0 = Release|Any CPU
		{511B1EB2-F853-4C5C-80A7-0825AECF1BBE}.Release|x86.ActiveCfg = Release|Any CPU
		{511B1EB2-F853-4C5C-80A7-0825AECF1BBE}.Release|x86.Build.0 = Release|Any CPU
		{B270FC8C-6B28-40FA-BA78-B73F720DB98D}.Debug|Any CPU.ActiveCfg = Debug|Any CPU
		{B270FC8C-6B28-40FA-BA78-B73F720DB98D}.Debug|Any CPU.Build.0 = Debug|Any CPU
		{B270FC8C-6B28-40FA-BA78-B73F720DB98D}.Debug|ARM.ActiveCfg = Debug|Any CPU
		{B270FC8C-6B28-40FA-BA78-B73F720DB98D}.Debug|ARM.Build.0 = Debug|Any CPU
		{B270FC8C-6B28-40FA-BA78-B73F720DB98D}.Debug|ARM64.ActiveCfg = Debug|Any CPU
		{B270FC8C-6B28-40FA-BA78-B73F720DB98D}.Debug|ARM64.Build.0 = Debug|Any CPU
		{B270FC8C-6B28-40FA-BA78-B73F720DB98D}.Debug|x64.ActiveCfg = Debug|Any CPU
		{B270FC8C-6B28-40FA-BA78-B73F720DB98D}.Debug|x64.Build.0 = Debug|Any CPU
		{B270FC8C-6B28-40FA-BA78-B73F720DB98D}.Debug|x86.ActiveCfg = Debug|Any CPU
		{B270FC8C-6B28-40FA-BA78-B73F720DB98D}.Debug|x86.Build.0 = Debug|Any CPU
		{B270FC8C-6B28-40FA-BA78-B73F720DB98D}.Release|Any CPU.ActiveCfg = Release|Any CPU
		{B270FC8C-6B28-40FA-BA78-B73F720DB98D}.Release|Any CPU.Build.0 = Release|Any CPU
		{B270FC8C-6B28-40FA-BA78-B73F720DB98D}.Release|ARM.ActiveCfg = Release|Any CPU
		{B270FC8C-6B28-40FA-BA78-B73F720DB98D}.Release|ARM.Build.0 = Release|Any CPU
		{B270FC8C-6B28-40FA-BA78-B73F720DB98D}.Release|ARM64.ActiveCfg = Release|Any CPU
		{B270FC8C-6B28-40FA-BA78-B73F720DB98D}.Release|ARM64.Build.0 = Release|Any CPU
		{B270FC8C-6B28-40FA-BA78-B73F720DB98D}.Release|x64.ActiveCfg = Release|Any CPU
		{B270FC8C-6B28-40FA-BA78-B73F720DB98D}.Release|x64.Build.0 = Release|Any CPU
		{B270FC8C-6B28-40FA-BA78-B73F720DB98D}.Release|x86.ActiveCfg = Release|Any CPU
		{B270FC8C-6B28-40FA-BA78-B73F720DB98D}.Release|x86.Build.0 = Release|Any CPU
		{705ADAFC-9C5C-4DCB-93C5-B71D49371074}.Debug|Any CPU.ActiveCfg = Debug|Any CPU
		{705ADAFC-9C5C-4DCB-93C5-B71D49371074}.Debug|Any CPU.Build.0 = Debug|Any CPU
		{705ADAFC-9C5C-4DCB-93C5-B71D49371074}.Debug|ARM.ActiveCfg = Debug|Any CPU
		{705ADAFC-9C5C-4DCB-93C5-B71D49371074}.Debug|ARM.Build.0 = Debug|Any CPU
		{705ADAFC-9C5C-4DCB-93C5-B71D49371074}.Debug|ARM64.ActiveCfg = Debug|Any CPU
		{705ADAFC-9C5C-4DCB-93C5-B71D49371074}.Debug|ARM64.Build.0 = Debug|Any CPU
		{705ADAFC-9C5C-4DCB-93C5-B71D49371074}.Debug|x64.ActiveCfg = Debug|Any CPU
		{705ADAFC-9C5C-4DCB-93C5-B71D49371074}.Debug|x64.Build.0 = Debug|Any CPU
		{705ADAFC-9C5C-4DCB-93C5-B71D49371074}.Debug|x86.ActiveCfg = Debug|Any CPU
		{705ADAFC-9C5C-4DCB-93C5-B71D49371074}.Debug|x86.Build.0 = Debug|Any CPU
		{705ADAFC-9C5C-4DCB-93C5-B71D49371074}.Release|Any CPU.ActiveCfg = Release|Any CPU
		{705ADAFC-9C5C-4DCB-93C5-B71D49371074}.Release|Any CPU.Build.0 = Release|Any CPU
		{705ADAFC-9C5C-4DCB-93C5-B71D49371074}.Release|ARM.ActiveCfg = Release|Any CPU
		{705ADAFC-9C5C-4DCB-93C5-B71D49371074}.Release|ARM.Build.0 = Release|Any CPU
		{705ADAFC-9C5C-4DCB-93C5-B71D49371074}.Release|ARM64.ActiveCfg = Release|Any CPU
		{705ADAFC-9C5C-4DCB-93C5-B71D49371074}.Release|ARM64.Build.0 = Release|Any CPU
		{705ADAFC-9C5C-4DCB-93C5-B71D49371074}.Release|x64.ActiveCfg = Release|Any CPU
		{705ADAFC-9C5C-4DCB-93C5-B71D49371074}.Release|x64.Build.0 = Release|Any CPU
		{705ADAFC-9C5C-4DCB-93C5-B71D49371074}.Release|x86.ActiveCfg = Release|Any CPU
		{705ADAFC-9C5C-4DCB-93C5-B71D49371074}.Release|x86.Build.0 = Release|Any CPU
		{C1048831-D985-481B-BA50-2840315EFFEA}.Debug|Any CPU.ActiveCfg = Debug|Any CPU
		{C1048831-D985-481B-BA50-2840315EFFEA}.Debug|Any CPU.Build.0 = Debug|Any CPU
		{C1048831-D985-481B-BA50-2840315EFFEA}.Debug|ARM.ActiveCfg = Debug|Any CPU
		{C1048831-D985-481B-BA50-2840315EFFEA}.Debug|ARM.Build.0 = Debug|Any CPU
		{C1048831-D985-481B-BA50-2840315EFFEA}.Debug|ARM64.ActiveCfg = Debug|Any CPU
		{C1048831-D985-481B-BA50-2840315EFFEA}.Debug|ARM64.Build.0 = Debug|Any CPU
		{C1048831-D985-481B-BA50-2840315EFFEA}.Debug|x64.ActiveCfg = Debug|Any CPU
		{C1048831-D985-481B-BA50-2840315EFFEA}.Debug|x64.Build.0 = Debug|Any CPU
		{C1048831-D985-481B-BA50-2840315EFFEA}.Debug|x86.ActiveCfg = Debug|Any CPU
		{C1048831-D985-481B-BA50-2840315EFFEA}.Debug|x86.Build.0 = Debug|Any CPU
		{C1048831-D985-481B-BA50-2840315EFFEA}.Release|Any CPU.ActiveCfg = Release|Any CPU
		{C1048831-D985-481B-BA50-2840315EFFEA}.Release|Any CPU.Build.0 = Release|Any CPU
		{C1048831-D985-481B-BA50-2840315EFFEA}.Release|ARM.ActiveCfg = Release|Any CPU
		{C1048831-D985-481B-BA50-2840315EFFEA}.Release|ARM.Build.0 = Release|Any CPU
		{C1048831-D985-481B-BA50-2840315EFFEA}.Release|ARM64.ActiveCfg = Release|Any CPU
		{C1048831-D985-481B-BA50-2840315EFFEA}.Release|ARM64.Build.0 = Release|Any CPU
		{C1048831-D985-481B-BA50-2840315EFFEA}.Release|x64.ActiveCfg = Release|Any CPU
		{C1048831-D985-481B-BA50-2840315EFFEA}.Release|x64.Build.0 = Release|Any CPU
		{C1048831-D985-481B-BA50-2840315EFFEA}.Release|x86.ActiveCfg = Release|Any CPU
		{C1048831-D985-481B-BA50-2840315EFFEA}.Release|x86.Build.0 = Release|Any CPU
		{29DA3E34-4769-457F-B583-8BCFF5958E41}.Debug|Any CPU.ActiveCfg = Debug|Any CPU
		{29DA3E34-4769-457F-B583-8BCFF5958E41}.Debug|Any CPU.Build.0 = Debug|Any CPU
		{29DA3E34-4769-457F-B583-8BCFF5958E41}.Debug|ARM.ActiveCfg = Debug|Any CPU
		{29DA3E34-4769-457F-B583-8BCFF5958E41}.Debug|ARM.Build.0 = Debug|Any CPU
		{29DA3E34-4769-457F-B583-8BCFF5958E41}.Debug|ARM64.ActiveCfg = Debug|Any CPU
		{29DA3E34-4769-457F-B583-8BCFF5958E41}.Debug|ARM64.Build.0 = Debug|Any CPU
		{29DA3E34-4769-457F-B583-8BCFF5958E41}.Debug|x64.ActiveCfg = Debug|Any CPU
		{29DA3E34-4769-457F-B583-8BCFF5958E41}.Debug|x64.Build.0 = Debug|Any CPU
		{29DA3E34-4769-457F-B583-8BCFF5958E41}.Debug|x86.ActiveCfg = Debug|Any CPU
		{29DA3E34-4769-457F-B583-8BCFF5958E41}.Debug|x86.Build.0 = Debug|Any CPU
		{29DA3E34-4769-457F-B583-8BCFF5958E41}.Release|Any CPU.ActiveCfg = Release|Any CPU
		{29DA3E34-4769-457F-B583-8BCFF5958E41}.Release|Any CPU.Build.0 = Release|Any CPU
		{29DA3E34-4769-457F-B583-8BCFF5958E41}.Release|ARM.ActiveCfg = Release|Any CPU
		{29DA3E34-4769-457F-B583-8BCFF5958E41}.Release|ARM.Build.0 = Release|Any CPU
		{29DA3E34-4769-457F-B583-8BCFF5958E41}.Release|ARM64.ActiveCfg = Release|Any CPU
		{29DA3E34-4769-457F-B583-8BCFF5958E41}.Release|ARM64.Build.0 = Release|Any CPU
		{29DA3E34-4769-457F-B583-8BCFF5958E41}.Release|x64.ActiveCfg = Release|Any CPU
		{29DA3E34-4769-457F-B583-8BCFF5958E41}.Release|x64.Build.0 = Release|Any CPU
		{29DA3E34-4769-457F-B583-8BCFF5958E41}.Release|x86.ActiveCfg = Release|Any CPU
		{29DA3E34-4769-457F-B583-8BCFF5958E41}.Release|x86.Build.0 = Release|Any CPU
		{531058F7-1DD4-4E51-8727-A2D038B57274}.Debug|Any CPU.ActiveCfg = Debug|Any CPU
		{531058F7-1DD4-4E51-8727-A2D038B57274}.Debug|Any CPU.Build.0 = Debug|Any CPU
		{531058F7-1DD4-4E51-8727-A2D038B57274}.Debug|ARM.ActiveCfg = Debug|Any CPU
		{531058F7-1DD4-4E51-8727-A2D038B57274}.Debug|ARM.Build.0 = Debug|Any CPU
		{531058F7-1DD4-4E51-8727-A2D038B57274}.Debug|ARM64.ActiveCfg = Debug|Any CPU
		{531058F7-1DD4-4E51-8727-A2D038B57274}.Debug|ARM64.Build.0 = Debug|Any CPU
		{531058F7-1DD4-4E51-8727-A2D038B57274}.Debug|x64.ActiveCfg = Debug|Any CPU
		{531058F7-1DD4-4E51-8727-A2D038B57274}.Debug|x64.Build.0 = Debug|Any CPU
		{531058F7-1DD4-4E51-8727-A2D038B57274}.Debug|x86.ActiveCfg = Debug|Any CPU
		{531058F7-1DD4-4E51-8727-A2D038B57274}.Debug|x86.Build.0 = Debug|Any CPU
		{531058F7-1DD4-4E51-8727-A2D038B57274}.Release|Any CPU.ActiveCfg = Release|Any CPU
		{531058F7-1DD4-4E51-8727-A2D038B57274}.Release|Any CPU.Build.0 = Release|Any CPU
		{531058F7-1DD4-4E51-8727-A2D038B57274}.Release|ARM.ActiveCfg = Release|Any CPU
		{531058F7-1DD4-4E51-8727-A2D038B57274}.Release|ARM.Build.0 = Release|Any CPU
		{531058F7-1DD4-4E51-8727-A2D038B57274}.Release|ARM64.ActiveCfg = Release|Any CPU
		{531058F7-1DD4-4E51-8727-A2D038B57274}.Release|ARM64.Build.0 = Release|Any CPU
		{531058F7-1DD4-4E51-8727-A2D038B57274}.Release|x64.ActiveCfg = Release|Any CPU
		{531058F7-1DD4-4E51-8727-A2D038B57274}.Release|x64.Build.0 = Release|Any CPU
		{531058F7-1DD4-4E51-8727-A2D038B57274}.Release|x86.ActiveCfg = Release|Any CPU
		{531058F7-1DD4-4E51-8727-A2D038B57274}.Release|x86.Build.0 = Release|Any CPU
		{1AD8095D-CEF1-486F-912B-CB9C6DCE0A20}.Debug|Any CPU.ActiveCfg = Debug|Any CPU
		{1AD8095D-CEF1-486F-912B-CB9C6DCE0A20}.Debug|Any CPU.Build.0 = Debug|Any CPU
		{1AD8095D-CEF1-486F-912B-CB9C6DCE0A20}.Debug|ARM.ActiveCfg = Debug|Any CPU
		{1AD8095D-CEF1-486F-912B-CB9C6DCE0A20}.Debug|ARM.Build.0 = Debug|Any CPU
		{1AD8095D-CEF1-486F-912B-CB9C6DCE0A20}.Debug|ARM64.ActiveCfg = Debug|Any CPU
		{1AD8095D-CEF1-486F-912B-CB9C6DCE0A20}.Debug|ARM64.Build.0 = Debug|Any CPU
		{1AD8095D-CEF1-486F-912B-CB9C6DCE0A20}.Debug|x64.ActiveCfg = Debug|Any CPU
		{1AD8095D-CEF1-486F-912B-CB9C6DCE0A20}.Debug|x64.Build.0 = Debug|Any CPU
		{1AD8095D-CEF1-486F-912B-CB9C6DCE0A20}.Debug|x86.ActiveCfg = Debug|Any CPU
		{1AD8095D-CEF1-486F-912B-CB9C6DCE0A20}.Debug|x86.Build.0 = Debug|Any CPU
		{1AD8095D-CEF1-486F-912B-CB9C6DCE0A20}.Release|Any CPU.ActiveCfg = Release|Any CPU
		{1AD8095D-CEF1-486F-912B-CB9C6DCE0A20}.Release|Any CPU.Build.0 = Release|Any CPU
		{1AD8095D-CEF1-486F-912B-CB9C6DCE0A20}.Release|ARM.ActiveCfg = Release|Any CPU
		{1AD8095D-CEF1-486F-912B-CB9C6DCE0A20}.Release|ARM.Build.0 = Release|Any CPU
		{1AD8095D-CEF1-486F-912B-CB9C6DCE0A20}.Release|ARM64.ActiveCfg = Release|Any CPU
		{1AD8095D-CEF1-486F-912B-CB9C6DCE0A20}.Release|ARM64.Build.0 = Release|Any CPU
		{1AD8095D-CEF1-486F-912B-CB9C6DCE0A20}.Release|x64.ActiveCfg = Release|Any CPU
		{1AD8095D-CEF1-486F-912B-CB9C6DCE0A20}.Release|x64.Build.0 = Release|Any CPU
		{1AD8095D-CEF1-486F-912B-CB9C6DCE0A20}.Release|x86.ActiveCfg = Release|Any CPU
		{1AD8095D-CEF1-486F-912B-CB9C6DCE0A20}.Release|x86.Build.0 = Release|Any CPU
		{4AC131B6-9FF2-4F66-A2DE-BE66C3CA366B}.Debug|Any CPU.ActiveCfg = Debug|Any CPU
		{4AC131B6-9FF2-4F66-A2DE-BE66C3CA366B}.Debug|Any CPU.Build.0 = Debug|Any CPU
		{4AC131B6-9FF2-4F66-A2DE-BE66C3CA366B}.Debug|ARM.ActiveCfg = Debug|Any CPU
		{4AC131B6-9FF2-4F66-A2DE-BE66C3CA366B}.Debug|ARM.Build.0 = Debug|Any CPU
		{4AC131B6-9FF2-4F66-A2DE-BE66C3CA366B}.Debug|ARM64.ActiveCfg = Debug|Any CPU
		{4AC131B6-9FF2-4F66-A2DE-BE66C3CA366B}.Debug|ARM64.Build.0 = Debug|Any CPU
		{4AC131B6-9FF2-4F66-A2DE-BE66C3CA366B}.Debug|x64.ActiveCfg = Debug|Any CPU
		{4AC131B6-9FF2-4F66-A2DE-BE66C3CA366B}.Debug|x64.Build.0 = Debug|Any CPU
		{4AC131B6-9FF2-4F66-A2DE-BE66C3CA366B}.Debug|x86.ActiveCfg = Debug|Any CPU
		{4AC131B6-9FF2-4F66-A2DE-BE66C3CA366B}.Debug|x86.Build.0 = Debug|Any CPU
		{4AC131B6-9FF2-4F66-A2DE-BE66C3CA366B}.Release|Any CPU.ActiveCfg = Release|Any CPU
		{4AC131B6-9FF2-4F66-A2DE-BE66C3CA366B}.Release|Any CPU.Build.0 = Release|Any CPU
		{4AC131B6-9FF2-4F66-A2DE-BE66C3CA366B}.Release|ARM.ActiveCfg = Release|Any CPU
		{4AC131B6-9FF2-4F66-A2DE-BE66C3CA366B}.Release|ARM.Build.0 = Release|Any CPU
		{4AC131B6-9FF2-4F66-A2DE-BE66C3CA366B}.Release|ARM64.ActiveCfg = Release|Any CPU
		{4AC131B6-9FF2-4F66-A2DE-BE66C3CA366B}.Release|ARM64.Build.0 = Release|Any CPU
		{4AC131B6-9FF2-4F66-A2DE-BE66C3CA366B}.Release|x64.ActiveCfg = Release|Any CPU
		{4AC131B6-9FF2-4F66-A2DE-BE66C3CA366B}.Release|x64.Build.0 = Release|Any CPU
		{4AC131B6-9FF2-4F66-A2DE-BE66C3CA366B}.Release|x86.ActiveCfg = Release|Any CPU
		{4AC131B6-9FF2-4F66-A2DE-BE66C3CA366B}.Release|x86.Build.0 = Release|Any CPU
		{42B7DC08-23E2-4854-A5DB-71E9FB3BAF6D}.Debug|Any CPU.ActiveCfg = Debug|Any CPU
		{42B7DC08-23E2-4854-A5DB-71E9FB3BAF6D}.Debug|Any CPU.Build.0 = Debug|Any CPU
		{42B7DC08-23E2-4854-A5DB-71E9FB3BAF6D}.Debug|ARM.ActiveCfg = Debug|Any CPU
		{42B7DC08-23E2-4854-A5DB-71E9FB3BAF6D}.Debug|ARM.Build.0 = Debug|Any CPU
		{42B7DC08-23E2-4854-A5DB-71E9FB3BAF6D}.Debug|ARM64.ActiveCfg = Debug|Any CPU
		{42B7DC08-23E2-4854-A5DB-71E9FB3BAF6D}.Debug|ARM64.Build.0 = Debug|Any CPU
		{42B7DC08-23E2-4854-A5DB-71E9FB3BAF6D}.Debug|x64.ActiveCfg = Debug|Any CPU
		{42B7DC08-23E2-4854-A5DB-71E9FB3BAF6D}.Debug|x64.Build.0 = Debug|Any CPU
		{42B7DC08-23E2-4854-A5DB-71E9FB3BAF6D}.Debug|x86.ActiveCfg = Debug|Any CPU
		{42B7DC08-23E2-4854-A5DB-71E9FB3BAF6D}.Debug|x86.Build.0 = Debug|Any CPU
		{42B7DC08-23E2-4854-A5DB-71E9FB3BAF6D}.Release|Any CPU.ActiveCfg = Release|Any CPU
		{42B7DC08-23E2-4854-A5DB-71E9FB3BAF6D}.Release|Any CPU.Build.0 = Release|Any CPU
		{42B7DC08-23E2-4854-A5DB-71E9FB3BAF6D}.Release|ARM.ActiveCfg = Release|Any CPU
		{42B7DC08-23E2-4854-A5DB-71E9FB3BAF6D}.Release|ARM.Build.0 = Release|Any CPU
		{42B7DC08-23E2-4854-A5DB-71E9FB3BAF6D}.Release|ARM64.ActiveCfg = Release|Any CPU
		{42B7DC08-23E2-4854-A5DB-71E9FB3BAF6D}.Release|ARM64.Build.0 = Release|Any CPU
		{42B7DC08-23E2-4854-A5DB-71E9FB3BAF6D}.Release|x64.ActiveCfg = Release|Any CPU
		{42B7DC08-23E2-4854-A5DB-71E9FB3BAF6D}.Release|x64.Build.0 = Release|Any CPU
		{42B7DC08-23E2-4854-A5DB-71E9FB3BAF6D}.Release|x86.ActiveCfg = Release|Any CPU
		{42B7DC08-23E2-4854-A5DB-71E9FB3BAF6D}.Release|x86.Build.0 = Release|Any CPU
		{51D25BBB-E6E5-46AF-81A1-B854F715F2C0}.Debug|Any CPU.ActiveCfg = Debug|Any CPU
		{51D25BBB-E6E5-46AF-81A1-B854F715F2C0}.Debug|Any CPU.Build.0 = Debug|Any CPU
		{51D25BBB-E6E5-46AF-81A1-B854F715F2C0}.Debug|ARM.ActiveCfg = Debug|Any CPU
		{51D25BBB-E6E5-46AF-81A1-B854F715F2C0}.Debug|ARM.Build.0 = Debug|Any CPU
		{51D25BBB-E6E5-46AF-81A1-B854F715F2C0}.Debug|ARM64.ActiveCfg = Debug|Any CPU
		{51D25BBB-E6E5-46AF-81A1-B854F715F2C0}.Debug|ARM64.Build.0 = Debug|Any CPU
		{51D25BBB-E6E5-46AF-81A1-B854F715F2C0}.Debug|x64.ActiveCfg = Debug|Any CPU
		{51D25BBB-E6E5-46AF-81A1-B854F715F2C0}.Debug|x64.Build.0 = Debug|Any CPU
		{51D25BBB-E6E5-46AF-81A1-B854F715F2C0}.Debug|x86.ActiveCfg = Debug|Any CPU
		{51D25BBB-E6E5-46AF-81A1-B854F715F2C0}.Debug|x86.Build.0 = Debug|Any CPU
		{51D25BBB-E6E5-46AF-81A1-B854F715F2C0}.Release|Any CPU.ActiveCfg = Release|Any CPU
		{51D25BBB-E6E5-46AF-81A1-B854F715F2C0}.Release|Any CPU.Build.0 = Release|Any CPU
		{51D25BBB-E6E5-46AF-81A1-B854F715F2C0}.Release|ARM.ActiveCfg = Release|Any CPU
		{51D25BBB-E6E5-46AF-81A1-B854F715F2C0}.Release|ARM.Build.0 = Release|Any CPU
		{51D25BBB-E6E5-46AF-81A1-B854F715F2C0}.Release|ARM64.ActiveCfg = Release|Any CPU
		{51D25BBB-E6E5-46AF-81A1-B854F715F2C0}.Release|ARM64.Build.0 = Release|Any CPU
		{51D25BBB-E6E5-46AF-81A1-B854F715F2C0}.Release|x64.ActiveCfg = Release|Any CPU
		{51D25BBB-E6E5-46AF-81A1-B854F715F2C0}.Release|x64.Build.0 = Release|Any CPU
		{51D25BBB-E6E5-46AF-81A1-B854F715F2C0}.Release|x86.ActiveCfg = Release|Any CPU
		{51D25BBB-E6E5-46AF-81A1-B854F715F2C0}.Release|x86.Build.0 = Release|Any CPU
		{150D036C-4B66-4A99-BAA9-28AC0A81E2D7}.Debug|Any CPU.ActiveCfg = Debug|Any CPU
		{150D036C-4B66-4A99-BAA9-28AC0A81E2D7}.Debug|Any CPU.Build.0 = Debug|Any CPU
		{150D036C-4B66-4A99-BAA9-28AC0A81E2D7}.Debug|ARM.ActiveCfg = Debug|Any CPU
		{150D036C-4B66-4A99-BAA9-28AC0A81E2D7}.Debug|ARM.Build.0 = Debug|Any CPU
		{150D036C-4B66-4A99-BAA9-28AC0A81E2D7}.Debug|ARM64.ActiveCfg = Debug|Any CPU
		{150D036C-4B66-4A99-BAA9-28AC0A81E2D7}.Debug|ARM64.Build.0 = Debug|Any CPU
		{150D036C-4B66-4A99-BAA9-28AC0A81E2D7}.Debug|x64.ActiveCfg = Debug|Any CPU
		{150D036C-4B66-4A99-BAA9-28AC0A81E2D7}.Debug|x64.Build.0 = Debug|Any CPU
		{150D036C-4B66-4A99-BAA9-28AC0A81E2D7}.Debug|x86.ActiveCfg = Debug|Any CPU
		{150D036C-4B66-4A99-BAA9-28AC0A81E2D7}.Debug|x86.Build.0 = Debug|Any CPU
		{150D036C-4B66-4A99-BAA9-28AC0A81E2D7}.Release|Any CPU.ActiveCfg = Release|Any CPU
		{150D036C-4B66-4A99-BAA9-28AC0A81E2D7}.Release|Any CPU.Build.0 = Release|Any CPU
		{150D036C-4B66-4A99-BAA9-28AC0A81E2D7}.Release|ARM.ActiveCfg = Release|Any CPU
		{150D036C-4B66-4A99-BAA9-28AC0A81E2D7}.Release|ARM.Build.0 = Release|Any CPU
		{150D036C-4B66-4A99-BAA9-28AC0A81E2D7}.Release|ARM64.ActiveCfg = Release|Any CPU
		{150D036C-4B66-4A99-BAA9-28AC0A81E2D7}.Release|ARM64.Build.0 = Release|Any CPU
		{150D036C-4B66-4A99-BAA9-28AC0A81E2D7}.Release|x64.ActiveCfg = Release|Any CPU
		{150D036C-4B66-4A99-BAA9-28AC0A81E2D7}.Release|x64.Build.0 = Release|Any CPU
		{150D036C-4B66-4A99-BAA9-28AC0A81E2D7}.Release|x86.ActiveCfg = Release|Any CPU
		{150D036C-4B66-4A99-BAA9-28AC0A81E2D7}.Release|x86.Build.0 = Release|Any CPU
		{F333A9E4-52F7-473D-AFCE-46A4FCFE844C}.Debug|Any CPU.ActiveCfg = Debug|Any CPU
		{F333A9E4-52F7-473D-AFCE-46A4FCFE844C}.Debug|Any CPU.Build.0 = Debug|Any CPU
		{F333A9E4-52F7-473D-AFCE-46A4FCFE844C}.Debug|ARM.ActiveCfg = Debug|Any CPU
		{F333A9E4-52F7-473D-AFCE-46A4FCFE844C}.Debug|ARM.Build.0 = Debug|Any CPU
		{F333A9E4-52F7-473D-AFCE-46A4FCFE844C}.Debug|ARM64.ActiveCfg = Debug|Any CPU
		{F333A9E4-52F7-473D-AFCE-46A4FCFE844C}.Debug|ARM64.Build.0 = Debug|Any CPU
		{F333A9E4-52F7-473D-AFCE-46A4FCFE844C}.Debug|x64.ActiveCfg = Debug|Any CPU
		{F333A9E4-52F7-473D-AFCE-46A4FCFE844C}.Debug|x64.Build.0 = Debug|Any CPU
		{F333A9E4-52F7-473D-AFCE-46A4FCFE844C}.Debug|x86.ActiveCfg = Debug|Any CPU
		{F333A9E4-52F7-473D-AFCE-46A4FCFE844C}.Debug|x86.Build.0 = Debug|Any CPU
		{F333A9E4-52F7-473D-AFCE-46A4FCFE844C}.Release|Any CPU.ActiveCfg = Release|Any CPU
		{F333A9E4-52F7-473D-AFCE-46A4FCFE844C}.Release|Any CPU.Build.0 = Release|Any CPU
		{F333A9E4-52F7-473D-AFCE-46A4FCFE844C}.Release|ARM.ActiveCfg = Release|Any CPU
		{F333A9E4-52F7-473D-AFCE-46A4FCFE844C}.Release|ARM.Build.0 = Release|Any CPU
		{F333A9E4-52F7-473D-AFCE-46A4FCFE844C}.Release|ARM64.ActiveCfg = Release|Any CPU
		{F333A9E4-52F7-473D-AFCE-46A4FCFE844C}.Release|ARM64.Build.0 = Release|Any CPU
		{F333A9E4-52F7-473D-AFCE-46A4FCFE844C}.Release|x64.ActiveCfg = Release|Any CPU
		{F333A9E4-52F7-473D-AFCE-46A4FCFE844C}.Release|x64.Build.0 = Release|Any CPU
		{F333A9E4-52F7-473D-AFCE-46A4FCFE844C}.Release|x86.ActiveCfg = Release|Any CPU
		{F333A9E4-52F7-473D-AFCE-46A4FCFE844C}.Release|x86.Build.0 = Release|Any CPU
		{9B9ABE45-A069-4E97-BAEF-5C273CF4C8AB}.Debug|Any CPU.ActiveCfg = Debug|Any CPU
		{9B9ABE45-A069-4E97-BAEF-5C273CF4C8AB}.Debug|Any CPU.Build.0 = Debug|Any CPU
		{9B9ABE45-A069-4E97-BAEF-5C273CF4C8AB}.Debug|ARM.ActiveCfg = Debug|Any CPU
		{9B9ABE45-A069-4E97-BAEF-5C273CF4C8AB}.Debug|ARM.Build.0 = Debug|Any CPU
		{9B9ABE45-A069-4E97-BAEF-5C273CF4C8AB}.Debug|ARM64.ActiveCfg = Debug|Any CPU
		{9B9ABE45-A069-4E97-BAEF-5C273CF4C8AB}.Debug|ARM64.Build.0 = Debug|Any CPU
		{9B9ABE45-A069-4E97-BAEF-5C273CF4C8AB}.Debug|x64.ActiveCfg = Debug|Any CPU
		{9B9ABE45-A069-4E97-BAEF-5C273CF4C8AB}.Debug|x64.Build.0 = Debug|Any CPU
		{9B9ABE45-A069-4E97-BAEF-5C273CF4C8AB}.Debug|x86.ActiveCfg = Debug|Any CPU
		{9B9ABE45-A069-4E97-BAEF-5C273CF4C8AB}.Debug|x86.Build.0 = Debug|Any CPU
		{9B9ABE45-A069-4E97-BAEF-5C273CF4C8AB}.Release|Any CPU.ActiveCfg = Release|Any CPU
		{9B9ABE45-A069-4E97-BAEF-5C273CF4C8AB}.Release|Any CPU.Build.0 = Release|Any CPU
		{9B9ABE45-A069-4E97-BAEF-5C273CF4C8AB}.Release|ARM.ActiveCfg = Release|Any CPU
		{9B9ABE45-A069-4E97-BAEF-5C273CF4C8AB}.Release|ARM.Build.0 = Release|Any CPU
		{9B9ABE45-A069-4E97-BAEF-5C273CF4C8AB}.Release|ARM64.ActiveCfg = Release|Any CPU
		{9B9ABE45-A069-4E97-BAEF-5C273CF4C8AB}.Release|ARM64.Build.0 = Release|Any CPU
		{9B9ABE45-A069-4E97-BAEF-5C273CF4C8AB}.Release|x64.ActiveCfg = Release|Any CPU
		{9B9ABE45-A069-4E97-BAEF-5C273CF4C8AB}.Release|x64.Build.0 = Release|Any CPU
		{9B9ABE45-A069-4E97-BAEF-5C273CF4C8AB}.Release|x86.ActiveCfg = Release|Any CPU
		{9B9ABE45-A069-4E97-BAEF-5C273CF4C8AB}.Release|x86.Build.0 = Release|Any CPU
		{0F2EEF43-174D-436D-A5B1-DA92D3EF9B25}.Debug|Any CPU.ActiveCfg = Debug|Any CPU
		{0F2EEF43-174D-436D-A5B1-DA92D3EF9B25}.Debug|Any CPU.Build.0 = Debug|Any CPU
		{0F2EEF43-174D-436D-A5B1-DA92D3EF9B25}.Debug|ARM.ActiveCfg = Debug|Any CPU
		{0F2EEF43-174D-436D-A5B1-DA92D3EF9B25}.Debug|ARM.Build.0 = Debug|Any CPU
		{0F2EEF43-174D-436D-A5B1-DA92D3EF9B25}.Debug|ARM64.ActiveCfg = Debug|Any CPU
		{0F2EEF43-174D-436D-A5B1-DA92D3EF9B25}.Debug|ARM64.Build.0 = Debug|Any CPU
		{0F2EEF43-174D-436D-A5B1-DA92D3EF9B25}.Debug|x64.ActiveCfg = Debug|Any CPU
		{0F2EEF43-174D-436D-A5B1-DA92D3EF9B25}.Debug|x64.Build.0 = Debug|Any CPU
		{0F2EEF43-174D-436D-A5B1-DA92D3EF9B25}.Debug|x86.ActiveCfg = Debug|Any CPU
		{0F2EEF43-174D-436D-A5B1-DA92D3EF9B25}.Debug|x86.Build.0 = Debug|Any CPU
		{0F2EEF43-174D-436D-A5B1-DA92D3EF9B25}.Release|Any CPU.ActiveCfg = Release|Any CPU
		{0F2EEF43-174D-436D-A5B1-DA92D3EF9B25}.Release|Any CPU.Build.0 = Release|Any CPU
		{0F2EEF43-174D-436D-A5B1-DA92D3EF9B25}.Release|ARM.ActiveCfg = Release|Any CPU
		{0F2EEF43-174D-436D-A5B1-DA92D3EF9B25}.Release|ARM.Build.0 = Release|Any CPU
		{0F2EEF43-174D-436D-A5B1-DA92D3EF9B25}.Release|ARM64.ActiveCfg = Release|Any CPU
		{0F2EEF43-174D-436D-A5B1-DA92D3EF9B25}.Release|ARM64.Build.0 = Release|Any CPU
		{0F2EEF43-174D-436D-A5B1-DA92D3EF9B25}.Release|x64.ActiveCfg = Release|Any CPU
		{0F2EEF43-174D-436D-A5B1-DA92D3EF9B25}.Release|x64.Build.0 = Release|Any CPU
		{0F2EEF43-174D-436D-A5B1-DA92D3EF9B25}.Release|x86.ActiveCfg = Release|Any CPU
		{0F2EEF43-174D-436D-A5B1-DA92D3EF9B25}.Release|x86.Build.0 = Release|Any CPU
		{C10B3D6C-E5E4-4365-B5E5-826A2C7A44AE}.Debug|Any CPU.ActiveCfg = Debug|Any CPU
		{C10B3D6C-E5E4-4365-B5E5-826A2C7A44AE}.Debug|Any CPU.Build.0 = Debug|Any CPU
		{C10B3D6C-E5E4-4365-B5E5-826A2C7A44AE}.Debug|ARM.ActiveCfg = Debug|Any CPU
		{C10B3D6C-E5E4-4365-B5E5-826A2C7A44AE}.Debug|ARM.Build.0 = Debug|Any CPU
		{C10B3D6C-E5E4-4365-B5E5-826A2C7A44AE}.Debug|ARM64.ActiveCfg = Debug|Any CPU
		{C10B3D6C-E5E4-4365-B5E5-826A2C7A44AE}.Debug|ARM64.Build.0 = Debug|Any CPU
		{C10B3D6C-E5E4-4365-B5E5-826A2C7A44AE}.Debug|x64.ActiveCfg = Debug|Any CPU
		{C10B3D6C-E5E4-4365-B5E5-826A2C7A44AE}.Debug|x64.Build.0 = Debug|Any CPU
		{C10B3D6C-E5E4-4365-B5E5-826A2C7A44AE}.Debug|x86.ActiveCfg = Debug|Any CPU
		{C10B3D6C-E5E4-4365-B5E5-826A2C7A44AE}.Debug|x86.Build.0 = Debug|Any CPU
		{C10B3D6C-E5E4-4365-B5E5-826A2C7A44AE}.Release|Any CPU.ActiveCfg = Release|Any CPU
		{C10B3D6C-E5E4-4365-B5E5-826A2C7A44AE}.Release|Any CPU.Build.0 = Release|Any CPU
		{C10B3D6C-E5E4-4365-B5E5-826A2C7A44AE}.Release|ARM.ActiveCfg = Release|Any CPU
		{C10B3D6C-E5E4-4365-B5E5-826A2C7A44AE}.Release|ARM.Build.0 = Release|Any CPU
		{C10B3D6C-E5E4-4365-B5E5-826A2C7A44AE}.Release|ARM64.ActiveCfg = Release|Any CPU
		{C10B3D6C-E5E4-4365-B5E5-826A2C7A44AE}.Release|ARM64.Build.0 = Release|Any CPU
		{C10B3D6C-E5E4-4365-B5E5-826A2C7A44AE}.Release|x64.ActiveCfg = Release|Any CPU
		{C10B3D6C-E5E4-4365-B5E5-826A2C7A44AE}.Release|x64.Build.0 = Release|Any CPU
		{C10B3D6C-E5E4-4365-B5E5-826A2C7A44AE}.Release|x86.ActiveCfg = Release|Any CPU
		{C10B3D6C-E5E4-4365-B5E5-826A2C7A44AE}.Release|x86.Build.0 = Release|Any CPU
		{62867DEB-C095-4D34-8C56-3F0C3A0FE3B7}.Debug|Any CPU.ActiveCfg = Debug|Any CPU
		{62867DEB-C095-4D34-8C56-3F0C3A0FE3B7}.Debug|Any CPU.Build.0 = Debug|Any CPU
		{62867DEB-C095-4D34-8C56-3F0C3A0FE3B7}.Debug|ARM.ActiveCfg = Debug|Any CPU
		{62867DEB-C095-4D34-8C56-3F0C3A0FE3B7}.Debug|ARM.Build.0 = Debug|Any CPU
		{62867DEB-C095-4D34-8C56-3F0C3A0FE3B7}.Debug|ARM64.ActiveCfg = Debug|Any CPU
		{62867DEB-C095-4D34-8C56-3F0C3A0FE3B7}.Debug|ARM64.Build.0 = Debug|Any CPU
		{62867DEB-C095-4D34-8C56-3F0C3A0FE3B7}.Debug|x64.ActiveCfg = Debug|Any CPU
		{62867DEB-C095-4D34-8C56-3F0C3A0FE3B7}.Debug|x64.Build.0 = Debug|Any CPU
		{62867DEB-C095-4D34-8C56-3F0C3A0FE3B7}.Debug|x86.ActiveCfg = Debug|Any CPU
		{62867DEB-C095-4D34-8C56-3F0C3A0FE3B7}.Debug|x86.Build.0 = Debug|Any CPU
		{62867DEB-C095-4D34-8C56-3F0C3A0FE3B7}.Release|Any CPU.ActiveCfg = Release|Any CPU
		{62867DEB-C095-4D34-8C56-3F0C3A0FE3B7}.Release|Any CPU.Build.0 = Release|Any CPU
		{62867DEB-C095-4D34-8C56-3F0C3A0FE3B7}.Release|ARM.ActiveCfg = Release|Any CPU
		{62867DEB-C095-4D34-8C56-3F0C3A0FE3B7}.Release|ARM.Build.0 = Release|Any CPU
		{62867DEB-C095-4D34-8C56-3F0C3A0FE3B7}.Release|ARM64.ActiveCfg = Release|Any CPU
		{62867DEB-C095-4D34-8C56-3F0C3A0FE3B7}.Release|ARM64.Build.0 = Release|Any CPU
		{62867DEB-C095-4D34-8C56-3F0C3A0FE3B7}.Release|x64.ActiveCfg = Release|Any CPU
		{62867DEB-C095-4D34-8C56-3F0C3A0FE3B7}.Release|x64.Build.0 = Release|Any CPU
		{62867DEB-C095-4D34-8C56-3F0C3A0FE3B7}.Release|x86.ActiveCfg = Release|Any CPU
		{62867DEB-C095-4D34-8C56-3F0C3A0FE3B7}.Release|x86.Build.0 = Release|Any CPU
		{39E14B92-11E6-433E-8B5C-082485F16DA9}.Debug|Any CPU.ActiveCfg = Debug|Any CPU
		{39E14B92-11E6-433E-8B5C-082485F16DA9}.Debug|Any CPU.Build.0 = Debug|Any CPU
		{39E14B92-11E6-433E-8B5C-082485F16DA9}.Debug|ARM.ActiveCfg = Debug|Any CPU
		{39E14B92-11E6-433E-8B5C-082485F16DA9}.Debug|ARM.Build.0 = Debug|Any CPU
		{39E14B92-11E6-433E-8B5C-082485F16DA9}.Debug|ARM64.ActiveCfg = Debug|Any CPU
		{39E14B92-11E6-433E-8B5C-082485F16DA9}.Debug|ARM64.Build.0 = Debug|Any CPU
		{39E14B92-11E6-433E-8B5C-082485F16DA9}.Debug|x64.ActiveCfg = Debug|Any CPU
		{39E14B92-11E6-433E-8B5C-082485F16DA9}.Debug|x64.Build.0 = Debug|Any CPU
		{39E14B92-11E6-433E-8B5C-082485F16DA9}.Debug|x86.ActiveCfg = Debug|Any CPU
		{39E14B92-11E6-433E-8B5C-082485F16DA9}.Debug|x86.Build.0 = Debug|Any CPU
		{39E14B92-11E6-433E-8B5C-082485F16DA9}.Release|Any CPU.ActiveCfg = Release|Any CPU
		{39E14B92-11E6-433E-8B5C-082485F16DA9}.Release|Any CPU.Build.0 = Release|Any CPU
		{39E14B92-11E6-433E-8B5C-082485F16DA9}.Release|ARM.ActiveCfg = Release|Any CPU
		{39E14B92-11E6-433E-8B5C-082485F16DA9}.Release|ARM.Build.0 = Release|Any CPU
		{39E14B92-11E6-433E-8B5C-082485F16DA9}.Release|ARM64.ActiveCfg = Release|Any CPU
		{39E14B92-11E6-433E-8B5C-082485F16DA9}.Release|ARM64.Build.0 = Release|Any CPU
		{39E14B92-11E6-433E-8B5C-082485F16DA9}.Release|x64.ActiveCfg = Release|Any CPU
		{39E14B92-11E6-433E-8B5C-082485F16DA9}.Release|x64.Build.0 = Release|Any CPU
		{39E14B92-11E6-433E-8B5C-082485F16DA9}.Release|x86.ActiveCfg = Release|Any CPU
		{39E14B92-11E6-433E-8B5C-082485F16DA9}.Release|x86.Build.0 = Release|Any CPU
		{F0D96654-0415-4540-A224-44C2585F825E}.Debug|Any CPU.ActiveCfg = Debug|Any CPU
		{F0D96654-0415-4540-A224-44C2585F825E}.Debug|Any CPU.Build.0 = Debug|Any CPU
		{F0D96654-0415-4540-A224-44C2585F825E}.Debug|ARM.ActiveCfg = Debug|Any CPU
		{F0D96654-0415-4540-A224-44C2585F825E}.Debug|ARM.Build.0 = Debug|Any CPU
		{F0D96654-0415-4540-A224-44C2585F825E}.Debug|ARM64.ActiveCfg = Debug|Any CPU
		{F0D96654-0415-4540-A224-44C2585F825E}.Debug|ARM64.Build.0 = Debug|Any CPU
		{F0D96654-0415-4540-A224-44C2585F825E}.Debug|x64.ActiveCfg = Debug|Any CPU
		{F0D96654-0415-4540-A224-44C2585F825E}.Debug|x64.Build.0 = Debug|Any CPU
		{F0D96654-0415-4540-A224-44C2585F825E}.Debug|x86.ActiveCfg = Debug|Any CPU
		{F0D96654-0415-4540-A224-44C2585F825E}.Debug|x86.Build.0 = Debug|Any CPU
		{F0D96654-0415-4540-A224-44C2585F825E}.Release|Any CPU.ActiveCfg = Release|Any CPU
		{F0D96654-0415-4540-A224-44C2585F825E}.Release|Any CPU.Build.0 = Release|Any CPU
		{F0D96654-0415-4540-A224-44C2585F825E}.Release|ARM.ActiveCfg = Release|Any CPU
		{F0D96654-0415-4540-A224-44C2585F825E}.Release|ARM.Build.0 = Release|Any CPU
		{F0D96654-0415-4540-A224-44C2585F825E}.Release|ARM64.ActiveCfg = Release|Any CPU
		{F0D96654-0415-4540-A224-44C2585F825E}.Release|ARM64.Build.0 = Release|Any CPU
		{F0D96654-0415-4540-A224-44C2585F825E}.Release|x64.ActiveCfg = Release|Any CPU
		{F0D96654-0415-4540-A224-44C2585F825E}.Release|x64.Build.0 = Release|Any CPU
		{F0D96654-0415-4540-A224-44C2585F825E}.Release|x86.ActiveCfg = Release|Any CPU
		{F0D96654-0415-4540-A224-44C2585F825E}.Release|x86.Build.0 = Release|Any CPU
		{86290E0E-3450-4CFD-80B3-8EED35E2A121}.Debug|Any CPU.ActiveCfg = Debug|Any CPU
		{86290E0E-3450-4CFD-80B3-8EED35E2A121}.Debug|Any CPU.Build.0 = Debug|Any CPU
		{86290E0E-3450-4CFD-80B3-8EED35E2A121}.Debug|ARM.ActiveCfg = Debug|Any CPU
		{86290E0E-3450-4CFD-80B3-8EED35E2A121}.Debug|ARM.Build.0 = Debug|Any CPU
		{86290E0E-3450-4CFD-80B3-8EED35E2A121}.Debug|ARM64.ActiveCfg = Debug|Any CPU
		{86290E0E-3450-4CFD-80B3-8EED35E2A121}.Debug|ARM64.Build.0 = Debug|Any CPU
		{86290E0E-3450-4CFD-80B3-8EED35E2A121}.Debug|x64.ActiveCfg = Debug|Any CPU
		{86290E0E-3450-4CFD-80B3-8EED35E2A121}.Debug|x64.Build.0 = Debug|Any CPU
		{86290E0E-3450-4CFD-80B3-8EED35E2A121}.Debug|x86.ActiveCfg = Debug|Any CPU
		{86290E0E-3450-4CFD-80B3-8EED35E2A121}.Debug|x86.Build.0 = Debug|Any CPU
		{86290E0E-3450-4CFD-80B3-8EED35E2A121}.Release|Any CPU.ActiveCfg = Release|Any CPU
		{86290E0E-3450-4CFD-80B3-8EED35E2A121}.Release|Any CPU.Build.0 = Release|Any CPU
		{86290E0E-3450-4CFD-80B3-8EED35E2A121}.Release|ARM.ActiveCfg = Release|Any CPU
		{86290E0E-3450-4CFD-80B3-8EED35E2A121}.Release|ARM.Build.0 = Release|Any CPU
		{86290E0E-3450-4CFD-80B3-8EED35E2A121}.Release|ARM64.ActiveCfg = Release|Any CPU
		{86290E0E-3450-4CFD-80B3-8EED35E2A121}.Release|ARM64.Build.0 = Release|Any CPU
		{86290E0E-3450-4CFD-80B3-8EED35E2A121}.Release|x64.ActiveCfg = Release|Any CPU
		{86290E0E-3450-4CFD-80B3-8EED35E2A121}.Release|x64.Build.0 = Release|Any CPU
		{86290E0E-3450-4CFD-80B3-8EED35E2A121}.Release|x86.ActiveCfg = Release|Any CPU
		{86290E0E-3450-4CFD-80B3-8EED35E2A121}.Release|x86.Build.0 = Release|Any CPU
		{64CBEAB5-41B7-47CE-95E7-62CE3ECFE2FC}.Debug|Any CPU.ActiveCfg = Debug|Any CPU
		{64CBEAB5-41B7-47CE-95E7-62CE3ECFE2FC}.Debug|Any CPU.Build.0 = Debug|Any CPU
		{64CBEAB5-41B7-47CE-95E7-62CE3ECFE2FC}.Debug|ARM.ActiveCfg = Debug|Any CPU
		{64CBEAB5-41B7-47CE-95E7-62CE3ECFE2FC}.Debug|ARM.Build.0 = Debug|Any CPU
		{64CBEAB5-41B7-47CE-95E7-62CE3ECFE2FC}.Debug|ARM64.ActiveCfg = Debug|Any CPU
		{64CBEAB5-41B7-47CE-95E7-62CE3ECFE2FC}.Debug|ARM64.Build.0 = Debug|Any CPU
		{64CBEAB5-41B7-47CE-95E7-62CE3ECFE2FC}.Debug|x64.ActiveCfg = Debug|Any CPU
		{64CBEAB5-41B7-47CE-95E7-62CE3ECFE2FC}.Debug|x64.Build.0 = Debug|Any CPU
		{64CBEAB5-41B7-47CE-95E7-62CE3ECFE2FC}.Debug|x86.ActiveCfg = Debug|Any CPU
		{64CBEAB5-41B7-47CE-95E7-62CE3ECFE2FC}.Debug|x86.Build.0 = Debug|Any CPU
		{64CBEAB5-41B7-47CE-95E7-62CE3ECFE2FC}.Release|Any CPU.ActiveCfg = Release|Any CPU
		{64CBEAB5-41B7-47CE-95E7-62CE3ECFE2FC}.Release|Any CPU.Build.0 = Release|Any CPU
		{64CBEAB5-41B7-47CE-95E7-62CE3ECFE2FC}.Release|ARM.ActiveCfg = Release|Any CPU
		{64CBEAB5-41B7-47CE-95E7-62CE3ECFE2FC}.Release|ARM.Build.0 = Release|Any CPU
		{64CBEAB5-41B7-47CE-95E7-62CE3ECFE2FC}.Release|ARM64.ActiveCfg = Release|Any CPU
		{64CBEAB5-41B7-47CE-95E7-62CE3ECFE2FC}.Release|ARM64.Build.0 = Release|Any CPU
		{64CBEAB5-41B7-47CE-95E7-62CE3ECFE2FC}.Release|x64.ActiveCfg = Release|Any CPU
		{64CBEAB5-41B7-47CE-95E7-62CE3ECFE2FC}.Release|x64.Build.0 = Release|Any CPU
		{64CBEAB5-41B7-47CE-95E7-62CE3ECFE2FC}.Release|x86.ActiveCfg = Release|Any CPU
		{64CBEAB5-41B7-47CE-95E7-62CE3ECFE2FC}.Release|x86.Build.0 = Release|Any CPU
		{F0EF3965-11F5-4F8E-8D8C-8A1BC32DFFE0}.Debug|Any CPU.ActiveCfg = Debug|Any CPU
		{F0EF3965-11F5-4F8E-8D8C-8A1BC32DFFE0}.Debug|Any CPU.Build.0 = Debug|Any CPU
		{F0EF3965-11F5-4F8E-8D8C-8A1BC32DFFE0}.Debug|ARM.ActiveCfg = Debug|Any CPU
		{F0EF3965-11F5-4F8E-8D8C-8A1BC32DFFE0}.Debug|ARM.Build.0 = Debug|Any CPU
		{F0EF3965-11F5-4F8E-8D8C-8A1BC32DFFE0}.Debug|ARM64.ActiveCfg = Debug|Any CPU
		{F0EF3965-11F5-4F8E-8D8C-8A1BC32DFFE0}.Debug|ARM64.Build.0 = Debug|Any CPU
		{F0EF3965-11F5-4F8E-8D8C-8A1BC32DFFE0}.Debug|x64.ActiveCfg = Debug|Any CPU
		{F0EF3965-11F5-4F8E-8D8C-8A1BC32DFFE0}.Debug|x64.Build.0 = Debug|Any CPU
		{F0EF3965-11F5-4F8E-8D8C-8A1BC32DFFE0}.Debug|x86.ActiveCfg = Debug|Any CPU
		{F0EF3965-11F5-4F8E-8D8C-8A1BC32DFFE0}.Debug|x86.Build.0 = Debug|Any CPU
		{F0EF3965-11F5-4F8E-8D8C-8A1BC32DFFE0}.Release|Any CPU.ActiveCfg = Release|Any CPU
		{F0EF3965-11F5-4F8E-8D8C-8A1BC32DFFE0}.Release|Any CPU.Build.0 = Release|Any CPU
		{F0EF3965-11F5-4F8E-8D8C-8A1BC32DFFE0}.Release|ARM.ActiveCfg = Release|Any CPU
		{F0EF3965-11F5-4F8E-8D8C-8A1BC32DFFE0}.Release|ARM.Build.0 = Release|Any CPU
		{F0EF3965-11F5-4F8E-8D8C-8A1BC32DFFE0}.Release|ARM64.ActiveCfg = Release|Any CPU
		{F0EF3965-11F5-4F8E-8D8C-8A1BC32DFFE0}.Release|ARM64.Build.0 = Release|Any CPU
		{F0EF3965-11F5-4F8E-8D8C-8A1BC32DFFE0}.Release|x64.ActiveCfg = Release|Any CPU
		{F0EF3965-11F5-4F8E-8D8C-8A1BC32DFFE0}.Release|x64.Build.0 = Release|Any CPU
		{F0EF3965-11F5-4F8E-8D8C-8A1BC32DFFE0}.Release|x86.ActiveCfg = Release|Any CPU
		{F0EF3965-11F5-4F8E-8D8C-8A1BC32DFFE0}.Release|x86.Build.0 = Release|Any CPU
		{E954455E-AB54-4144-B784-1E68B6548482}.Debug|Any CPU.ActiveCfg = Debug|Any CPU
		{E954455E-AB54-4144-B784-1E68B6548482}.Debug|Any CPU.Build.0 = Debug|Any CPU
		{E954455E-AB54-4144-B784-1E68B6548482}.Debug|ARM.ActiveCfg = Debug|Any CPU
		{E954455E-AB54-4144-B784-1E68B6548482}.Debug|ARM.Build.0 = Debug|Any CPU
		{E954455E-AB54-4144-B784-1E68B6548482}.Debug|ARM64.ActiveCfg = Debug|Any CPU
		{E954455E-AB54-4144-B784-1E68B6548482}.Debug|ARM64.Build.0 = Debug|Any CPU
		{E954455E-AB54-4144-B784-1E68B6548482}.Debug|x64.ActiveCfg = Debug|Any CPU
		{E954455E-AB54-4144-B784-1E68B6548482}.Debug|x64.Build.0 = Debug|Any CPU
		{E954455E-AB54-4144-B784-1E68B6548482}.Debug|x86.ActiveCfg = Debug|Any CPU
		{E954455E-AB54-4144-B784-1E68B6548482}.Debug|x86.Build.0 = Debug|Any CPU
		{E954455E-AB54-4144-B784-1E68B6548482}.Release|Any CPU.ActiveCfg = Release|Any CPU
		{E954455E-AB54-4144-B784-1E68B6548482}.Release|Any CPU.Build.0 = Release|Any CPU
		{E954455E-AB54-4144-B784-1E68B6548482}.Release|ARM.ActiveCfg = Release|Any CPU
		{E954455E-AB54-4144-B784-1E68B6548482}.Release|ARM.Build.0 = Release|Any CPU
		{E954455E-AB54-4144-B784-1E68B6548482}.Release|ARM64.ActiveCfg = Release|Any CPU
		{E954455E-AB54-4144-B784-1E68B6548482}.Release|ARM64.Build.0 = Release|Any CPU
		{E954455E-AB54-4144-B784-1E68B6548482}.Release|x64.ActiveCfg = Release|Any CPU
		{E954455E-AB54-4144-B784-1E68B6548482}.Release|x64.Build.0 = Release|Any CPU
		{E954455E-AB54-4144-B784-1E68B6548482}.Release|x86.ActiveCfg = Release|Any CPU
		{E954455E-AB54-4144-B784-1E68B6548482}.Release|x86.Build.0 = Release|Any CPU
		{1959B659-8A69-4D68-A198-C627464C2143}.Debug|Any CPU.ActiveCfg = Debug|Any CPU
		{1959B659-8A69-4D68-A198-C627464C2143}.Debug|Any CPU.Build.0 = Debug|Any CPU
		{1959B659-8A69-4D68-A198-C627464C2143}.Debug|ARM.ActiveCfg = Debug|Any CPU
		{1959B659-8A69-4D68-A198-C627464C2143}.Debug|ARM.Build.0 = Debug|Any CPU
		{1959B659-8A69-4D68-A198-C627464C2143}.Debug|ARM64.ActiveCfg = Debug|Any CPU
		{1959B659-8A69-4D68-A198-C627464C2143}.Debug|ARM64.Build.0 = Debug|Any CPU
		{1959B659-8A69-4D68-A198-C627464C2143}.Debug|x64.ActiveCfg = Debug|Any CPU
		{1959B659-8A69-4D68-A198-C627464C2143}.Debug|x64.Build.0 = Debug|Any CPU
		{1959B659-8A69-4D68-A198-C627464C2143}.Debug|x86.ActiveCfg = Debug|Any CPU
		{1959B659-8A69-4D68-A198-C627464C2143}.Debug|x86.Build.0 = Debug|Any CPU
		{1959B659-8A69-4D68-A198-C627464C2143}.Release|Any CPU.ActiveCfg = Release|Any CPU
		{1959B659-8A69-4D68-A198-C627464C2143}.Release|Any CPU.Build.0 = Release|Any CPU
		{1959B659-8A69-4D68-A198-C627464C2143}.Release|ARM.ActiveCfg = Release|Any CPU
		{1959B659-8A69-4D68-A198-C627464C2143}.Release|ARM.Build.0 = Release|Any CPU
		{1959B659-8A69-4D68-A198-C627464C2143}.Release|ARM64.ActiveCfg = Release|Any CPU
		{1959B659-8A69-4D68-A198-C627464C2143}.Release|ARM64.Build.0 = Release|Any CPU
		{1959B659-8A69-4D68-A198-C627464C2143}.Release|x64.ActiveCfg = Release|Any CPU
		{1959B659-8A69-4D68-A198-C627464C2143}.Release|x64.Build.0 = Release|Any CPU
		{1959B659-8A69-4D68-A198-C627464C2143}.Release|x86.ActiveCfg = Release|Any CPU
		{1959B659-8A69-4D68-A198-C627464C2143}.Release|x86.Build.0 = Release|Any CPU
		{5157EBFA-D53F-49A3-BDC6-B4887D4F6E2F}.Debug|Any CPU.ActiveCfg = Debug|Any CPU
		{5157EBFA-D53F-49A3-BDC6-B4887D4F6E2F}.Debug|Any CPU.Build.0 = Debug|Any CPU
		{5157EBFA-D53F-49A3-BDC6-B4887D4F6E2F}.Debug|ARM.ActiveCfg = Debug|Any CPU
		{5157EBFA-D53F-49A3-BDC6-B4887D4F6E2F}.Debug|ARM.Build.0 = Debug|Any CPU
		{5157EBFA-D53F-49A3-BDC6-B4887D4F6E2F}.Debug|ARM64.ActiveCfg = Debug|Any CPU
		{5157EBFA-D53F-49A3-BDC6-B4887D4F6E2F}.Debug|ARM64.Build.0 = Debug|Any CPU
		{5157EBFA-D53F-49A3-BDC6-B4887D4F6E2F}.Debug|x64.ActiveCfg = Debug|Any CPU
		{5157EBFA-D53F-49A3-BDC6-B4887D4F6E2F}.Debug|x64.Build.0 = Debug|Any CPU
		{5157EBFA-D53F-49A3-BDC6-B4887D4F6E2F}.Debug|x86.ActiveCfg = Debug|Any CPU
		{5157EBFA-D53F-49A3-BDC6-B4887D4F6E2F}.Debug|x86.Build.0 = Debug|Any CPU
		{5157EBFA-D53F-49A3-BDC6-B4887D4F6E2F}.Release|Any CPU.ActiveCfg = Release|Any CPU
		{5157EBFA-D53F-49A3-BDC6-B4887D4F6E2F}.Release|Any CPU.Build.0 = Release|Any CPU
		{5157EBFA-D53F-49A3-BDC6-B4887D4F6E2F}.Release|ARM.ActiveCfg = Release|Any CPU
		{5157EBFA-D53F-49A3-BDC6-B4887D4F6E2F}.Release|ARM.Build.0 = Release|Any CPU
		{5157EBFA-D53F-49A3-BDC6-B4887D4F6E2F}.Release|ARM64.ActiveCfg = Release|Any CPU
		{5157EBFA-D53F-49A3-BDC6-B4887D4F6E2F}.Release|ARM64.Build.0 = Release|Any CPU
		{5157EBFA-D53F-49A3-BDC6-B4887D4F6E2F}.Release|x64.ActiveCfg = Release|Any CPU
		{5157EBFA-D53F-49A3-BDC6-B4887D4F6E2F}.Release|x64.Build.0 = Release|Any CPU
		{5157EBFA-D53F-49A3-BDC6-B4887D4F6E2F}.Release|x86.ActiveCfg = Release|Any CPU
		{5157EBFA-D53F-49A3-BDC6-B4887D4F6E2F}.Release|x86.Build.0 = Release|Any CPU
		{FCFE7961-7B48-42BF-BD72-67A1C0858BB1}.Debug|Any CPU.ActiveCfg = Debug|Any CPU
		{FCFE7961-7B48-42BF-BD72-67A1C0858BB1}.Debug|Any CPU.Build.0 = Debug|Any CPU
		{FCFE7961-7B48-42BF-BD72-67A1C0858BB1}.Debug|ARM.ActiveCfg = Debug|Any CPU
		{FCFE7961-7B48-42BF-BD72-67A1C0858BB1}.Debug|ARM.Build.0 = Debug|Any CPU
		{FCFE7961-7B48-42BF-BD72-67A1C0858BB1}.Debug|ARM64.ActiveCfg = Debug|Any CPU
		{FCFE7961-7B48-42BF-BD72-67A1C0858BB1}.Debug|ARM64.Build.0 = Debug|Any CPU
		{FCFE7961-7B48-42BF-BD72-67A1C0858BB1}.Debug|x64.ActiveCfg = Debug|Any CPU
		{FCFE7961-7B48-42BF-BD72-67A1C0858BB1}.Debug|x64.Build.0 = Debug|Any CPU
		{FCFE7961-7B48-42BF-BD72-67A1C0858BB1}.Debug|x86.ActiveCfg = Debug|Any CPU
		{FCFE7961-7B48-42BF-BD72-67A1C0858BB1}.Debug|x86.Build.0 = Debug|Any CPU
		{FCFE7961-7B48-42BF-BD72-67A1C0858BB1}.Release|Any CPU.ActiveCfg = Release|Any CPU
		{FCFE7961-7B48-42BF-BD72-67A1C0858BB1}.Release|Any CPU.Build.0 = Release|Any CPU
		{FCFE7961-7B48-42BF-BD72-67A1C0858BB1}.Release|ARM.ActiveCfg = Release|Any CPU
		{FCFE7961-7B48-42BF-BD72-67A1C0858BB1}.Release|ARM.Build.0 = Release|Any CPU
		{FCFE7961-7B48-42BF-BD72-67A1C0858BB1}.Release|ARM64.ActiveCfg = Release|Any CPU
		{FCFE7961-7B48-42BF-BD72-67A1C0858BB1}.Release|ARM64.Build.0 = Release|Any CPU
		{FCFE7961-7B48-42BF-BD72-67A1C0858BB1}.Release|x64.ActiveCfg = Release|Any CPU
		{FCFE7961-7B48-42BF-BD72-67A1C0858BB1}.Release|x64.Build.0 = Release|Any CPU
		{FCFE7961-7B48-42BF-BD72-67A1C0858BB1}.Release|x86.ActiveCfg = Release|Any CPU
		{FCFE7961-7B48-42BF-BD72-67A1C0858BB1}.Release|x86.Build.0 = Release|Any CPU
		{FACC7AF6-8AAF-41B9-A0EF-0E6285EE1CA7}.Debug|Any CPU.ActiveCfg = Debug|Any CPU
		{FACC7AF6-8AAF-41B9-A0EF-0E6285EE1CA7}.Debug|Any CPU.Build.0 = Debug|Any CPU
		{FACC7AF6-8AAF-41B9-A0EF-0E6285EE1CA7}.Debug|ARM.ActiveCfg = Debug|Any CPU
		{FACC7AF6-8AAF-41B9-A0EF-0E6285EE1CA7}.Debug|ARM.Build.0 = Debug|Any CPU
		{FACC7AF6-8AAF-41B9-A0EF-0E6285EE1CA7}.Debug|ARM64.ActiveCfg = Debug|Any CPU
		{FACC7AF6-8AAF-41B9-A0EF-0E6285EE1CA7}.Debug|ARM64.Build.0 = Debug|Any CPU
		{FACC7AF6-8AAF-41B9-A0EF-0E6285EE1CA7}.Debug|x64.ActiveCfg = Debug|Any CPU
		{FACC7AF6-8AAF-41B9-A0EF-0E6285EE1CA7}.Debug|x64.Build.0 = Debug|Any CPU
		{FACC7AF6-8AAF-41B9-A0EF-0E6285EE1CA7}.Debug|x86.ActiveCfg = Debug|Any CPU
		{FACC7AF6-8AAF-41B9-A0EF-0E6285EE1CA7}.Debug|x86.Build.0 = Debug|Any CPU
		{FACC7AF6-8AAF-41B9-A0EF-0E6285EE1CA7}.Release|Any CPU.ActiveCfg = Release|Any CPU
		{FACC7AF6-8AAF-41B9-A0EF-0E6285EE1CA7}.Release|Any CPU.Build.0 = Release|Any CPU
		{FACC7AF6-8AAF-41B9-A0EF-0E6285EE1CA7}.Release|ARM.ActiveCfg = Release|Any CPU
		{FACC7AF6-8AAF-41B9-A0EF-0E6285EE1CA7}.Release|ARM.Build.0 = Release|Any CPU
		{FACC7AF6-8AAF-41B9-A0EF-0E6285EE1CA7}.Release|ARM64.ActiveCfg = Release|Any CPU
		{FACC7AF6-8AAF-41B9-A0EF-0E6285EE1CA7}.Release|ARM64.Build.0 = Release|Any CPU
		{FACC7AF6-8AAF-41B9-A0EF-0E6285EE1CA7}.Release|x64.ActiveCfg = Release|Any CPU
		{FACC7AF6-8AAF-41B9-A0EF-0E6285EE1CA7}.Release|x64.Build.0 = Release|Any CPU
		{FACC7AF6-8AAF-41B9-A0EF-0E6285EE1CA7}.Release|x86.ActiveCfg = Release|Any CPU
		{FACC7AF6-8AAF-41B9-A0EF-0E6285EE1CA7}.Release|x86.Build.0 = Release|Any CPU
		{F854BCF4-D7DF-46D3-809A-0EF53586EC00}.Debug|Any CPU.ActiveCfg = Debug|Any CPU
		{F854BCF4-D7DF-46D3-809A-0EF53586EC00}.Debug|Any CPU.Build.0 = Debug|Any CPU
		{F854BCF4-D7DF-46D3-809A-0EF53586EC00}.Debug|ARM.ActiveCfg = Debug|Any CPU
		{F854BCF4-D7DF-46D3-809A-0EF53586EC00}.Debug|ARM.Build.0 = Debug|Any CPU
		{F854BCF4-D7DF-46D3-809A-0EF53586EC00}.Debug|ARM64.ActiveCfg = Debug|Any CPU
		{F854BCF4-D7DF-46D3-809A-0EF53586EC00}.Debug|ARM64.Build.0 = Debug|Any CPU
		{F854BCF4-D7DF-46D3-809A-0EF53586EC00}.Debug|x64.ActiveCfg = Debug|Any CPU
		{F854BCF4-D7DF-46D3-809A-0EF53586EC00}.Debug|x64.Build.0 = Debug|Any CPU
		{F854BCF4-D7DF-46D3-809A-0EF53586EC00}.Debug|x86.ActiveCfg = Debug|Any CPU
		{F854BCF4-D7DF-46D3-809A-0EF53586EC00}.Debug|x86.Build.0 = Debug|Any CPU
		{F854BCF4-D7DF-46D3-809A-0EF53586EC00}.Release|Any CPU.ActiveCfg = Release|Any CPU
		{F854BCF4-D7DF-46D3-809A-0EF53586EC00}.Release|Any CPU.Build.0 = Release|Any CPU
		{F854BCF4-D7DF-46D3-809A-0EF53586EC00}.Release|ARM.ActiveCfg = Release|Any CPU
		{F854BCF4-D7DF-46D3-809A-0EF53586EC00}.Release|ARM.Build.0 = Release|Any CPU
		{F854BCF4-D7DF-46D3-809A-0EF53586EC00}.Release|ARM64.ActiveCfg = Release|Any CPU
		{F854BCF4-D7DF-46D3-809A-0EF53586EC00}.Release|ARM64.Build.0 = Release|Any CPU
		{F854BCF4-D7DF-46D3-809A-0EF53586EC00}.Release|x64.ActiveCfg = Release|Any CPU
		{F854BCF4-D7DF-46D3-809A-0EF53586EC00}.Release|x64.Build.0 = Release|Any CPU
		{F854BCF4-D7DF-46D3-809A-0EF53586EC00}.Release|x86.ActiveCfg = Release|Any CPU
		{F854BCF4-D7DF-46D3-809A-0EF53586EC00}.Release|x86.Build.0 = Release|Any CPU
		{F018AC7E-2799-48E3-BAC0-79C94452085A}.Debug|Any CPU.ActiveCfg = Debug|Any CPU
		{F018AC7E-2799-48E3-BAC0-79C94452085A}.Debug|Any CPU.Build.0 = Debug|Any CPU
		{F018AC7E-2799-48E3-BAC0-79C94452085A}.Debug|ARM.ActiveCfg = Debug|Any CPU
		{F018AC7E-2799-48E3-BAC0-79C94452085A}.Debug|ARM.Build.0 = Debug|Any CPU
		{F018AC7E-2799-48E3-BAC0-79C94452085A}.Debug|ARM64.ActiveCfg = Debug|Any CPU
		{F018AC7E-2799-48E3-BAC0-79C94452085A}.Debug|ARM64.Build.0 = Debug|Any CPU
		{F018AC7E-2799-48E3-BAC0-79C94452085A}.Debug|x64.ActiveCfg = Debug|Any CPU
		{F018AC7E-2799-48E3-BAC0-79C94452085A}.Debug|x64.Build.0 = Debug|Any CPU
		{F018AC7E-2799-48E3-BAC0-79C94452085A}.Debug|x86.ActiveCfg = Debug|Any CPU
		{F018AC7E-2799-48E3-BAC0-79C94452085A}.Debug|x86.Build.0 = Debug|Any CPU
		{F018AC7E-2799-48E3-BAC0-79C94452085A}.Release|Any CPU.ActiveCfg = Release|Any CPU
		{F018AC7E-2799-48E3-BAC0-79C94452085A}.Release|Any CPU.Build.0 = Release|Any CPU
		{F018AC7E-2799-48E3-BAC0-79C94452085A}.Release|ARM.ActiveCfg = Release|Any CPU
		{F018AC7E-2799-48E3-BAC0-79C94452085A}.Release|ARM.Build.0 = Release|Any CPU
		{F018AC7E-2799-48E3-BAC0-79C94452085A}.Release|ARM64.ActiveCfg = Release|Any CPU
		{F018AC7E-2799-48E3-BAC0-79C94452085A}.Release|ARM64.Build.0 = Release|Any CPU
		{F018AC7E-2799-48E3-BAC0-79C94452085A}.Release|x64.ActiveCfg = Release|Any CPU
		{F018AC7E-2799-48E3-BAC0-79C94452085A}.Release|x64.Build.0 = Release|Any CPU
		{F018AC7E-2799-48E3-BAC0-79C94452085A}.Release|x86.ActiveCfg = Release|Any CPU
		{F018AC7E-2799-48E3-BAC0-79C94452085A}.Release|x86.Build.0 = Release|Any CPU
		{46D4C073-FD32-4C23-B22A-306E69122BF6}.Debug|Any CPU.ActiveCfg = Debug|Any CPU
		{46D4C073-FD32-4C23-B22A-306E69122BF6}.Debug|Any CPU.Build.0 = Debug|Any CPU
		{46D4C073-FD32-4C23-B22A-306E69122BF6}.Debug|ARM.ActiveCfg = Debug|Any CPU
		{46D4C073-FD32-4C23-B22A-306E69122BF6}.Debug|ARM.Build.0 = Debug|Any CPU
		{46D4C073-FD32-4C23-B22A-306E69122BF6}.Debug|ARM64.ActiveCfg = Debug|Any CPU
		{46D4C073-FD32-4C23-B22A-306E69122BF6}.Debug|ARM64.Build.0 = Debug|Any CPU
		{46D4C073-FD32-4C23-B22A-306E69122BF6}.Debug|x64.ActiveCfg = Debug|Any CPU
		{46D4C073-FD32-4C23-B22A-306E69122BF6}.Debug|x64.Build.0 = Debug|Any CPU
		{46D4C073-FD32-4C23-B22A-306E69122BF6}.Debug|x86.ActiveCfg = Debug|Any CPU
		{46D4C073-FD32-4C23-B22A-306E69122BF6}.Debug|x86.Build.0 = Debug|Any CPU
		{46D4C073-FD32-4C23-B22A-306E69122BF6}.Release|Any CPU.ActiveCfg = Release|Any CPU
		{46D4C073-FD32-4C23-B22A-306E69122BF6}.Release|Any CPU.Build.0 = Release|Any CPU
		{46D4C073-FD32-4C23-B22A-306E69122BF6}.Release|ARM.ActiveCfg = Release|Any CPU
		{46D4C073-FD32-4C23-B22A-306E69122BF6}.Release|ARM.Build.0 = Release|Any CPU
		{46D4C073-FD32-4C23-B22A-306E69122BF6}.Release|ARM64.ActiveCfg = Release|Any CPU
		{46D4C073-FD32-4C23-B22A-306E69122BF6}.Release|ARM64.Build.0 = Release|Any CPU
		{46D4C073-FD32-4C23-B22A-306E69122BF6}.Release|x64.ActiveCfg = Release|Any CPU
		{46D4C073-FD32-4C23-B22A-306E69122BF6}.Release|x64.Build.0 = Release|Any CPU
		{46D4C073-FD32-4C23-B22A-306E69122BF6}.Release|x86.ActiveCfg = Release|Any CPU
		{46D4C073-FD32-4C23-B22A-306E69122BF6}.Release|x86.Build.0 = Release|Any CPU
		{30D7D397-A29D-4148-AD66-EF26495A5BC0}.Debug|Any CPU.ActiveCfg = Debug|Any CPU
		{30D7D397-A29D-4148-AD66-EF26495A5BC0}.Debug|Any CPU.Build.0 = Debug|Any CPU
		{30D7D397-A29D-4148-AD66-EF26495A5BC0}.Debug|ARM.ActiveCfg = Debug|Any CPU
		{30D7D397-A29D-4148-AD66-EF26495A5BC0}.Debug|ARM.Build.0 = Debug|Any CPU
		{30D7D397-A29D-4148-AD66-EF26495A5BC0}.Debug|ARM64.ActiveCfg = Debug|Any CPU
		{30D7D397-A29D-4148-AD66-EF26495A5BC0}.Debug|ARM64.Build.0 = Debug|Any CPU
		{30D7D397-A29D-4148-AD66-EF26495A5BC0}.Debug|x64.ActiveCfg = Debug|Any CPU
		{30D7D397-A29D-4148-AD66-EF26495A5BC0}.Debug|x64.Build.0 = Debug|Any CPU
		{30D7D397-A29D-4148-AD66-EF26495A5BC0}.Debug|x86.ActiveCfg = Debug|Any CPU
		{30D7D397-A29D-4148-AD66-EF26495A5BC0}.Debug|x86.Build.0 = Debug|Any CPU
		{30D7D397-A29D-4148-AD66-EF26495A5BC0}.Release|Any CPU.ActiveCfg = Release|Any CPU
		{30D7D397-A29D-4148-AD66-EF26495A5BC0}.Release|Any CPU.Build.0 = Release|Any CPU
		{30D7D397-A29D-4148-AD66-EF26495A5BC0}.Release|ARM.ActiveCfg = Release|Any CPU
		{30D7D397-A29D-4148-AD66-EF26495A5BC0}.Release|ARM.Build.0 = Release|Any CPU
		{30D7D397-A29D-4148-AD66-EF26495A5BC0}.Release|ARM64.ActiveCfg = Release|Any CPU
		{30D7D397-A29D-4148-AD66-EF26495A5BC0}.Release|ARM64.Build.0 = Release|Any CPU
		{30D7D397-A29D-4148-AD66-EF26495A5BC0}.Release|x64.ActiveCfg = Release|Any CPU
		{30D7D397-A29D-4148-AD66-EF26495A5BC0}.Release|x64.Build.0 = Release|Any CPU
		{30D7D397-A29D-4148-AD66-EF26495A5BC0}.Release|x86.ActiveCfg = Release|Any CPU
		{30D7D397-A29D-4148-AD66-EF26495A5BC0}.Release|x86.Build.0 = Release|Any CPU
		{54E25127-FE77-4B89-BB76-7915E7C12F3B}.Debug|Any CPU.ActiveCfg = Debug|Any CPU
		{54E25127-FE77-4B89-BB76-7915E7C12F3B}.Debug|Any CPU.Build.0 = Debug|Any CPU
		{54E25127-FE77-4B89-BB76-7915E7C12F3B}.Debug|ARM.ActiveCfg = Debug|Any CPU
		{54E25127-FE77-4B89-BB76-7915E7C12F3B}.Debug|ARM.Build.0 = Debug|Any CPU
		{54E25127-FE77-4B89-BB76-7915E7C12F3B}.Debug|ARM64.ActiveCfg = Debug|Any CPU
		{54E25127-FE77-4B89-BB76-7915E7C12F3B}.Debug|ARM64.Build.0 = Debug|Any CPU
		{54E25127-FE77-4B89-BB76-7915E7C12F3B}.Debug|x64.ActiveCfg = Debug|Any CPU
		{54E25127-FE77-4B89-BB76-7915E7C12F3B}.Debug|x64.Build.0 = Debug|Any CPU
		{54E25127-FE77-4B89-BB76-7915E7C12F3B}.Debug|x86.ActiveCfg = Debug|Any CPU
		{54E25127-FE77-4B89-BB76-7915E7C12F3B}.Debug|x86.Build.0 = Debug|Any CPU
		{54E25127-FE77-4B89-BB76-7915E7C12F3B}.Release|Any CPU.ActiveCfg = Release|Any CPU
		{54E25127-FE77-4B89-BB76-7915E7C12F3B}.Release|Any CPU.Build.0 = Release|Any CPU
		{54E25127-FE77-4B89-BB76-7915E7C12F3B}.Release|ARM.ActiveCfg = Release|Any CPU
		{54E25127-FE77-4B89-BB76-7915E7C12F3B}.Release|ARM.Build.0 = Release|Any CPU
		{54E25127-FE77-4B89-BB76-7915E7C12F3B}.Release|ARM64.ActiveCfg = Release|Any CPU
		{54E25127-FE77-4B89-BB76-7915E7C12F3B}.Release|ARM64.Build.0 = Release|Any CPU
		{54E25127-FE77-4B89-BB76-7915E7C12F3B}.Release|x64.ActiveCfg = Release|Any CPU
		{54E25127-FE77-4B89-BB76-7915E7C12F3B}.Release|x64.Build.0 = Release|Any CPU
		{54E25127-FE77-4B89-BB76-7915E7C12F3B}.Release|x86.ActiveCfg = Release|Any CPU
		{54E25127-FE77-4B89-BB76-7915E7C12F3B}.Release|x86.Build.0 = Release|Any CPU
		{EA273269-7720-48DE-8866-FC82E2C9490F}.Debug|Any CPU.ActiveCfg = Debug|Any CPU
		{EA273269-7720-48DE-8866-FC82E2C9490F}.Debug|Any CPU.Build.0 = Debug|Any CPU
		{EA273269-7720-48DE-8866-FC82E2C9490F}.Debug|ARM.ActiveCfg = Debug|Any CPU
		{EA273269-7720-48DE-8866-FC82E2C9490F}.Debug|ARM.Build.0 = Debug|Any CPU
		{EA273269-7720-48DE-8866-FC82E2C9490F}.Debug|ARM64.ActiveCfg = Debug|Any CPU
		{EA273269-7720-48DE-8866-FC82E2C9490F}.Debug|ARM64.Build.0 = Debug|Any CPU
		{EA273269-7720-48DE-8866-FC82E2C9490F}.Debug|x64.ActiveCfg = Debug|Any CPU
		{EA273269-7720-48DE-8866-FC82E2C9490F}.Debug|x64.Build.0 = Debug|Any CPU
		{EA273269-7720-48DE-8866-FC82E2C9490F}.Debug|x86.ActiveCfg = Debug|Any CPU
		{EA273269-7720-48DE-8866-FC82E2C9490F}.Debug|x86.Build.0 = Debug|Any CPU
		{EA273269-7720-48DE-8866-FC82E2C9490F}.Release|Any CPU.ActiveCfg = Release|Any CPU
		{EA273269-7720-48DE-8866-FC82E2C9490F}.Release|Any CPU.Build.0 = Release|Any CPU
		{EA273269-7720-48DE-8866-FC82E2C9490F}.Release|ARM.ActiveCfg = Release|Any CPU
		{EA273269-7720-48DE-8866-FC82E2C9490F}.Release|ARM.Build.0 = Release|Any CPU
		{EA273269-7720-48DE-8866-FC82E2C9490F}.Release|ARM64.ActiveCfg = Release|Any CPU
		{EA273269-7720-48DE-8866-FC82E2C9490F}.Release|ARM64.Build.0 = Release|Any CPU
		{EA273269-7720-48DE-8866-FC82E2C9490F}.Release|x64.ActiveCfg = Release|Any CPU
		{EA273269-7720-48DE-8866-FC82E2C9490F}.Release|x64.Build.0 = Release|Any CPU
		{EA273269-7720-48DE-8866-FC82E2C9490F}.Release|x86.ActiveCfg = Release|Any CPU
		{EA273269-7720-48DE-8866-FC82E2C9490F}.Release|x86.Build.0 = Release|Any CPU
		{6ED0D79F-96D4-418A-9C75-69E165FA5682}.Debug|Any CPU.ActiveCfg = Debug|Any CPU
		{6ED0D79F-96D4-418A-9C75-69E165FA5682}.Debug|Any CPU.Build.0 = Debug|Any CPU
		{6ED0D79F-96D4-418A-9C75-69E165FA5682}.Debug|ARM.ActiveCfg = Debug|Any CPU
		{6ED0D79F-96D4-418A-9C75-69E165FA5682}.Debug|ARM.Build.0 = Debug|Any CPU
		{6ED0D79F-96D4-418A-9C75-69E165FA5682}.Debug|ARM64.ActiveCfg = Debug|Any CPU
		{6ED0D79F-96D4-418A-9C75-69E165FA5682}.Debug|ARM64.Build.0 = Debug|Any CPU
		{6ED0D79F-96D4-418A-9C75-69E165FA5682}.Debug|x64.ActiveCfg = Debug|Any CPU
		{6ED0D79F-96D4-418A-9C75-69E165FA5682}.Debug|x64.Build.0 = Debug|Any CPU
		{6ED0D79F-96D4-418A-9C75-69E165FA5682}.Debug|x86.ActiveCfg = Debug|Any CPU
		{6ED0D79F-96D4-418A-9C75-69E165FA5682}.Debug|x86.Build.0 = Debug|Any CPU
		{6ED0D79F-96D4-418A-9C75-69E165FA5682}.Release|Any CPU.ActiveCfg = Release|Any CPU
		{6ED0D79F-96D4-418A-9C75-69E165FA5682}.Release|Any CPU.Build.0 = Release|Any CPU
		{6ED0D79F-96D4-418A-9C75-69E165FA5682}.Release|ARM.ActiveCfg = Release|Any CPU
		{6ED0D79F-96D4-418A-9C75-69E165FA5682}.Release|ARM.Build.0 = Release|Any CPU
		{6ED0D79F-96D4-418A-9C75-69E165FA5682}.Release|ARM64.ActiveCfg = Release|Any CPU
		{6ED0D79F-96D4-418A-9C75-69E165FA5682}.Release|ARM64.Build.0 = Release|Any CPU
		{6ED0D79F-96D4-418A-9C75-69E165FA5682}.Release|x64.ActiveCfg = Release|Any CPU
		{6ED0D79F-96D4-418A-9C75-69E165FA5682}.Release|x64.Build.0 = Release|Any CPU
		{6ED0D79F-96D4-418A-9C75-69E165FA5682}.Release|x86.ActiveCfg = Release|Any CPU
		{6ED0D79F-96D4-418A-9C75-69E165FA5682}.Release|x86.Build.0 = Release|Any CPU
		{FB64F43E-F22E-4202-9F33-840CB7F44AA1}.Debug|Any CPU.ActiveCfg = Debug|Any CPU
		{FB64F43E-F22E-4202-9F33-840CB7F44AA1}.Debug|Any CPU.Build.0 = Debug|Any CPU
		{FB64F43E-F22E-4202-9F33-840CB7F44AA1}.Debug|ARM.ActiveCfg = Debug|Any CPU
		{FB64F43E-F22E-4202-9F33-840CB7F44AA1}.Debug|ARM.Build.0 = Debug|Any CPU
		{FB64F43E-F22E-4202-9F33-840CB7F44AA1}.Debug|ARM64.ActiveCfg = Debug|Any CPU
		{FB64F43E-F22E-4202-9F33-840CB7F44AA1}.Debug|ARM64.Build.0 = Debug|Any CPU
		{FB64F43E-F22E-4202-9F33-840CB7F44AA1}.Debug|x64.ActiveCfg = Debug|Any CPU
		{FB64F43E-F22E-4202-9F33-840CB7F44AA1}.Debug|x64.Build.0 = Debug|Any CPU
		{FB64F43E-F22E-4202-9F33-840CB7F44AA1}.Debug|x86.ActiveCfg = Debug|Any CPU
		{FB64F43E-F22E-4202-9F33-840CB7F44AA1}.Debug|x86.Build.0 = Debug|Any CPU
		{FB64F43E-F22E-4202-9F33-840CB7F44AA1}.Release|Any CPU.ActiveCfg = Release|Any CPU
		{FB64F43E-F22E-4202-9F33-840CB7F44AA1}.Release|Any CPU.Build.0 = Release|Any CPU
		{FB64F43E-F22E-4202-9F33-840CB7F44AA1}.Release|ARM.ActiveCfg = Release|Any CPU
		{FB64F43E-F22E-4202-9F33-840CB7F44AA1}.Release|ARM.Build.0 = Release|Any CPU
		{FB64F43E-F22E-4202-9F33-840CB7F44AA1}.Release|ARM64.ActiveCfg = Release|Any CPU
		{FB64F43E-F22E-4202-9F33-840CB7F44AA1}.Release|ARM64.Build.0 = Release|Any CPU
		{FB64F43E-F22E-4202-9F33-840CB7F44AA1}.Release|x64.ActiveCfg = Release|Any CPU
		{FB64F43E-F22E-4202-9F33-840CB7F44AA1}.Release|x64.Build.0 = Release|Any CPU
		{FB64F43E-F22E-4202-9F33-840CB7F44AA1}.Release|x86.ActiveCfg = Release|Any CPU
		{FB64F43E-F22E-4202-9F33-840CB7F44AA1}.Release|x86.Build.0 = Release|Any CPU
		{EB7B7062-7366-4262-8686-3DDAA19141B4}.Debug|Any CPU.ActiveCfg = Debug|Any CPU
		{EB7B7062-7366-4262-8686-3DDAA19141B4}.Debug|Any CPU.Build.0 = Debug|Any CPU
		{EB7B7062-7366-4262-8686-3DDAA19141B4}.Debug|ARM.ActiveCfg = Debug|Any CPU
		{EB7B7062-7366-4262-8686-3DDAA19141B4}.Debug|ARM.Build.0 = Debug|Any CPU
		{EB7B7062-7366-4262-8686-3DDAA19141B4}.Debug|ARM64.ActiveCfg = Debug|Any CPU
		{EB7B7062-7366-4262-8686-3DDAA19141B4}.Debug|ARM64.Build.0 = Debug|Any CPU
		{EB7B7062-7366-4262-8686-3DDAA19141B4}.Debug|x64.ActiveCfg = Debug|Any CPU
		{EB7B7062-7366-4262-8686-3DDAA19141B4}.Debug|x64.Build.0 = Debug|Any CPU
		{EB7B7062-7366-4262-8686-3DDAA19141B4}.Debug|x86.ActiveCfg = Debug|Any CPU
		{EB7B7062-7366-4262-8686-3DDAA19141B4}.Debug|x86.Build.0 = Debug|Any CPU
		{EB7B7062-7366-4262-8686-3DDAA19141B4}.Release|Any CPU.ActiveCfg = Release|Any CPU
		{EB7B7062-7366-4262-8686-3DDAA19141B4}.Release|Any CPU.Build.0 = Release|Any CPU
		{EB7B7062-7366-4262-8686-3DDAA19141B4}.Release|ARM.ActiveCfg = Release|Any CPU
		{EB7B7062-7366-4262-8686-3DDAA19141B4}.Release|ARM.Build.0 = Release|Any CPU
		{EB7B7062-7366-4262-8686-3DDAA19141B4}.Release|ARM64.ActiveCfg = Release|Any CPU
		{EB7B7062-7366-4262-8686-3DDAA19141B4}.Release|ARM64.Build.0 = Release|Any CPU
		{EB7B7062-7366-4262-8686-3DDAA19141B4}.Release|x64.ActiveCfg = Release|Any CPU
		{EB7B7062-7366-4262-8686-3DDAA19141B4}.Release|x64.Build.0 = Release|Any CPU
		{EB7B7062-7366-4262-8686-3DDAA19141B4}.Release|x86.ActiveCfg = Release|Any CPU
		{EB7B7062-7366-4262-8686-3DDAA19141B4}.Release|x86.Build.0 = Release|Any CPU
		{B16F1734-B286-4898-8B15-EFA0D17DA912}.Debug|Any CPU.ActiveCfg = Debug|Any CPU
		{B16F1734-B286-4898-8B15-EFA0D17DA912}.Debug|Any CPU.Build.0 = Debug|Any CPU
		{B16F1734-B286-4898-8B15-EFA0D17DA912}.Debug|ARM.ActiveCfg = Debug|Any CPU
		{B16F1734-B286-4898-8B15-EFA0D17DA912}.Debug|ARM.Build.0 = Debug|Any CPU
		{B16F1734-B286-4898-8B15-EFA0D17DA912}.Debug|ARM64.ActiveCfg = Debug|Any CPU
		{B16F1734-B286-4898-8B15-EFA0D17DA912}.Debug|ARM64.Build.0 = Debug|Any CPU
		{B16F1734-B286-4898-8B15-EFA0D17DA912}.Debug|x64.ActiveCfg = Debug|Any CPU
		{B16F1734-B286-4898-8B15-EFA0D17DA912}.Debug|x64.Build.0 = Debug|Any CPU
		{B16F1734-B286-4898-8B15-EFA0D17DA912}.Debug|x86.ActiveCfg = Debug|Any CPU
		{B16F1734-B286-4898-8B15-EFA0D17DA912}.Debug|x86.Build.0 = Debug|Any CPU
		{B16F1734-B286-4898-8B15-EFA0D17DA912}.Release|Any CPU.ActiveCfg = Release|Any CPU
		{B16F1734-B286-4898-8B15-EFA0D17DA912}.Release|Any CPU.Build.0 = Release|Any CPU
		{B16F1734-B286-4898-8B15-EFA0D17DA912}.Release|ARM.ActiveCfg = Release|Any CPU
		{B16F1734-B286-4898-8B15-EFA0D17DA912}.Release|ARM.Build.0 = Release|Any CPU
		{B16F1734-B286-4898-8B15-EFA0D17DA912}.Release|ARM64.ActiveCfg = Release|Any CPU
		{B16F1734-B286-4898-8B15-EFA0D17DA912}.Release|ARM64.Build.0 = Release|Any CPU
		{B16F1734-B286-4898-8B15-EFA0D17DA912}.Release|x64.ActiveCfg = Release|Any CPU
		{B16F1734-B286-4898-8B15-EFA0D17DA912}.Release|x64.Build.0 = Release|Any CPU
		{B16F1734-B286-4898-8B15-EFA0D17DA912}.Release|x86.ActiveCfg = Release|Any CPU
		{B16F1734-B286-4898-8B15-EFA0D17DA912}.Release|x86.Build.0 = Release|Any CPU
		{06393D15-0DA9-40FA-84A1-9A822B627B52}.Debug|Any CPU.ActiveCfg = Debug|Any CPU
		{06393D15-0DA9-40FA-84A1-9A822B627B52}.Debug|Any CPU.Build.0 = Debug|Any CPU
		{06393D15-0DA9-40FA-84A1-9A822B627B52}.Debug|ARM.ActiveCfg = Debug|Any CPU
		{06393D15-0DA9-40FA-84A1-9A822B627B52}.Debug|ARM.Build.0 = Debug|Any CPU
		{06393D15-0DA9-40FA-84A1-9A822B627B52}.Debug|ARM64.ActiveCfg = Debug|Any CPU
		{06393D15-0DA9-40FA-84A1-9A822B627B52}.Debug|ARM64.Build.0 = Debug|Any CPU
		{06393D15-0DA9-40FA-84A1-9A822B627B52}.Debug|x64.ActiveCfg = Debug|Any CPU
		{06393D15-0DA9-40FA-84A1-9A822B627B52}.Debug|x64.Build.0 = Debug|Any CPU
		{06393D15-0DA9-40FA-84A1-9A822B627B52}.Debug|x86.ActiveCfg = Debug|Any CPU
		{06393D15-0DA9-40FA-84A1-9A822B627B52}.Debug|x86.Build.0 = Debug|Any CPU
		{06393D15-0DA9-40FA-84A1-9A822B627B52}.Release|Any CPU.ActiveCfg = Release|Any CPU
		{06393D15-0DA9-40FA-84A1-9A822B627B52}.Release|Any CPU.Build.0 = Release|Any CPU
		{06393D15-0DA9-40FA-84A1-9A822B627B52}.Release|ARM.ActiveCfg = Release|Any CPU
		{06393D15-0DA9-40FA-84A1-9A822B627B52}.Release|ARM.Build.0 = Release|Any CPU
		{06393D15-0DA9-40FA-84A1-9A822B627B52}.Release|ARM64.ActiveCfg = Release|Any CPU
		{06393D15-0DA9-40FA-84A1-9A822B627B52}.Release|ARM64.Build.0 = Release|Any CPU
		{06393D15-0DA9-40FA-84A1-9A822B627B52}.Release|x64.ActiveCfg = Release|Any CPU
		{06393D15-0DA9-40FA-84A1-9A822B627B52}.Release|x64.Build.0 = Release|Any CPU
		{06393D15-0DA9-40FA-84A1-9A822B627B52}.Release|x86.ActiveCfg = Release|Any CPU
		{06393D15-0DA9-40FA-84A1-9A822B627B52}.Release|x86.Build.0 = Release|Any CPU
		{1910732C-CF4C-4411-B29F-F75185DD2F9B}.Debug|Any CPU.ActiveCfg = Debug|Any CPU
		{1910732C-CF4C-4411-B29F-F75185DD2F9B}.Debug|Any CPU.Build.0 = Debug|Any CPU
		{1910732C-CF4C-4411-B29F-F75185DD2F9B}.Debug|ARM.ActiveCfg = Debug|Any CPU
		{1910732C-CF4C-4411-B29F-F75185DD2F9B}.Debug|ARM.Build.0 = Debug|Any CPU
		{1910732C-CF4C-4411-B29F-F75185DD2F9B}.Debug|ARM64.ActiveCfg = Debug|Any CPU
		{1910732C-CF4C-4411-B29F-F75185DD2F9B}.Debug|ARM64.Build.0 = Debug|Any CPU
		{1910732C-CF4C-4411-B29F-F75185DD2F9B}.Debug|x64.ActiveCfg = Debug|Any CPU
		{1910732C-CF4C-4411-B29F-F75185DD2F9B}.Debug|x64.Build.0 = Debug|Any CPU
		{1910732C-CF4C-4411-B29F-F75185DD2F9B}.Debug|x86.ActiveCfg = Debug|Any CPU
		{1910732C-CF4C-4411-B29F-F75185DD2F9B}.Debug|x86.Build.0 = Debug|Any CPU
		{1910732C-CF4C-4411-B29F-F75185DD2F9B}.Release|Any CPU.ActiveCfg = Release|Any CPU
		{1910732C-CF4C-4411-B29F-F75185DD2F9B}.Release|Any CPU.Build.0 = Release|Any CPU
		{1910732C-CF4C-4411-B29F-F75185DD2F9B}.Release|ARM.ActiveCfg = Release|Any CPU
		{1910732C-CF4C-4411-B29F-F75185DD2F9B}.Release|ARM.Build.0 = Release|Any CPU
		{1910732C-CF4C-4411-B29F-F75185DD2F9B}.Release|ARM64.ActiveCfg = Release|Any CPU
		{1910732C-CF4C-4411-B29F-F75185DD2F9B}.Release|ARM64.Build.0 = Release|Any CPU
		{1910732C-CF4C-4411-B29F-F75185DD2F9B}.Release|x64.ActiveCfg = Release|Any CPU
		{1910732C-CF4C-4411-B29F-F75185DD2F9B}.Release|x64.Build.0 = Release|Any CPU
		{1910732C-CF4C-4411-B29F-F75185DD2F9B}.Release|x86.ActiveCfg = Release|Any CPU
		{1910732C-CF4C-4411-B29F-F75185DD2F9B}.Release|x86.Build.0 = Release|Any CPU
		{2B61C53F-ECFC-471D-AB98-0D23FF2D071A}.Debug|Any CPU.ActiveCfg = Debug|Any CPU
		{2B61C53F-ECFC-471D-AB98-0D23FF2D071A}.Debug|Any CPU.Build.0 = Debug|Any CPU
		{2B61C53F-ECFC-471D-AB98-0D23FF2D071A}.Debug|ARM.ActiveCfg = Debug|Any CPU
		{2B61C53F-ECFC-471D-AB98-0D23FF2D071A}.Debug|ARM.Build.0 = Debug|Any CPU
		{2B61C53F-ECFC-471D-AB98-0D23FF2D071A}.Debug|ARM64.ActiveCfg = Debug|Any CPU
		{2B61C53F-ECFC-471D-AB98-0D23FF2D071A}.Debug|ARM64.Build.0 = Debug|Any CPU
		{2B61C53F-ECFC-471D-AB98-0D23FF2D071A}.Debug|x64.ActiveCfg = Debug|Any CPU
		{2B61C53F-ECFC-471D-AB98-0D23FF2D071A}.Debug|x64.Build.0 = Debug|Any CPU
		{2B61C53F-ECFC-471D-AB98-0D23FF2D071A}.Debug|x86.ActiveCfg = Debug|Any CPU
		{2B61C53F-ECFC-471D-AB98-0D23FF2D071A}.Debug|x86.Build.0 = Debug|Any CPU
		{2B61C53F-ECFC-471D-AB98-0D23FF2D071A}.Release|Any CPU.ActiveCfg = Release|Any CPU
		{2B61C53F-ECFC-471D-AB98-0D23FF2D071A}.Release|Any CPU.Build.0 = Release|Any CPU
		{2B61C53F-ECFC-471D-AB98-0D23FF2D071A}.Release|ARM.ActiveCfg = Release|Any CPU
		{2B61C53F-ECFC-471D-AB98-0D23FF2D071A}.Release|ARM.Build.0 = Release|Any CPU
		{2B61C53F-ECFC-471D-AB98-0D23FF2D071A}.Release|ARM64.ActiveCfg = Release|Any CPU
		{2B61C53F-ECFC-471D-AB98-0D23FF2D071A}.Release|ARM64.Build.0 = Release|Any CPU
		{2B61C53F-ECFC-471D-AB98-0D23FF2D071A}.Release|x64.ActiveCfg = Release|Any CPU
		{2B61C53F-ECFC-471D-AB98-0D23FF2D071A}.Release|x64.Build.0 = Release|Any CPU
		{2B61C53F-ECFC-471D-AB98-0D23FF2D071A}.Release|x86.ActiveCfg = Release|Any CPU
		{2B61C53F-ECFC-471D-AB98-0D23FF2D071A}.Release|x86.Build.0 = Release|Any CPU
		{6FD0A0B7-A94C-4DBD-AF62-CE3B5359F088}.Debug|Any CPU.ActiveCfg = Debug|Any CPU
		{6FD0A0B7-A94C-4DBD-AF62-CE3B5359F088}.Debug|Any CPU.Build.0 = Debug|Any CPU
		{6FD0A0B7-A94C-4DBD-AF62-CE3B5359F088}.Debug|ARM.ActiveCfg = Debug|Any CPU
		{6FD0A0B7-A94C-4DBD-AF62-CE3B5359F088}.Debug|ARM.Build.0 = Debug|Any CPU
		{6FD0A0B7-A94C-4DBD-AF62-CE3B5359F088}.Debug|ARM64.ActiveCfg = Debug|Any CPU
		{6FD0A0B7-A94C-4DBD-AF62-CE3B5359F088}.Debug|ARM64.Build.0 = Debug|Any CPU
		{6FD0A0B7-A94C-4DBD-AF62-CE3B5359F088}.Debug|x64.ActiveCfg = Debug|Any CPU
		{6FD0A0B7-A94C-4DBD-AF62-CE3B5359F088}.Debug|x64.Build.0 = Debug|Any CPU
		{6FD0A0B7-A94C-4DBD-AF62-CE3B5359F088}.Debug|x86.ActiveCfg = Debug|Any CPU
		{6FD0A0B7-A94C-4DBD-AF62-CE3B5359F088}.Debug|x86.Build.0 = Debug|Any CPU
		{6FD0A0B7-A94C-4DBD-AF62-CE3B5359F088}.Release|Any CPU.ActiveCfg = Release|Any CPU
		{6FD0A0B7-A94C-4DBD-AF62-CE3B5359F088}.Release|Any CPU.Build.0 = Release|Any CPU
		{6FD0A0B7-A94C-4DBD-AF62-CE3B5359F088}.Release|ARM.ActiveCfg = Release|Any CPU
		{6FD0A0B7-A94C-4DBD-AF62-CE3B5359F088}.Release|ARM.Build.0 = Release|Any CPU
		{6FD0A0B7-A94C-4DBD-AF62-CE3B5359F088}.Release|ARM64.ActiveCfg = Release|Any CPU
		{6FD0A0B7-A94C-4DBD-AF62-CE3B5359F088}.Release|ARM64.Build.0 = Release|Any CPU
		{6FD0A0B7-A94C-4DBD-AF62-CE3B5359F088}.Release|x64.ActiveCfg = Release|Any CPU
		{6FD0A0B7-A94C-4DBD-AF62-CE3B5359F088}.Release|x64.Build.0 = Release|Any CPU
		{6FD0A0B7-A94C-4DBD-AF62-CE3B5359F088}.Release|x86.ActiveCfg = Release|Any CPU
		{6FD0A0B7-A94C-4DBD-AF62-CE3B5359F088}.Release|x86.Build.0 = Release|Any CPU
		{AE2BA9A5-AFCD-4D98-87DC-71D6DCBC2C21}.Debug|Any CPU.ActiveCfg = Debug|Any CPU
		{AE2BA9A5-AFCD-4D98-87DC-71D6DCBC2C21}.Debug|Any CPU.Build.0 = Debug|Any CPU
		{AE2BA9A5-AFCD-4D98-87DC-71D6DCBC2C21}.Debug|ARM.ActiveCfg = Debug|Any CPU
		{AE2BA9A5-AFCD-4D98-87DC-71D6DCBC2C21}.Debug|ARM.Build.0 = Debug|Any CPU
		{AE2BA9A5-AFCD-4D98-87DC-71D6DCBC2C21}.Debug|ARM64.ActiveCfg = Debug|Any CPU
		{AE2BA9A5-AFCD-4D98-87DC-71D6DCBC2C21}.Debug|ARM64.Build.0 = Debug|Any CPU
		{AE2BA9A5-AFCD-4D98-87DC-71D6DCBC2C21}.Debug|x64.ActiveCfg = Debug|Any CPU
		{AE2BA9A5-AFCD-4D98-87DC-71D6DCBC2C21}.Debug|x64.Build.0 = Debug|Any CPU
		{AE2BA9A5-AFCD-4D98-87DC-71D6DCBC2C21}.Debug|x86.ActiveCfg = Debug|Any CPU
		{AE2BA9A5-AFCD-4D98-87DC-71D6DCBC2C21}.Debug|x86.Build.0 = Debug|Any CPU
		{AE2BA9A5-AFCD-4D98-87DC-71D6DCBC2C21}.Release|Any CPU.ActiveCfg = Release|Any CPU
		{AE2BA9A5-AFCD-4D98-87DC-71D6DCBC2C21}.Release|Any CPU.Build.0 = Release|Any CPU
		{AE2BA9A5-AFCD-4D98-87DC-71D6DCBC2C21}.Release|ARM.ActiveCfg = Release|Any CPU
		{AE2BA9A5-AFCD-4D98-87DC-71D6DCBC2C21}.Release|ARM.Build.0 = Release|Any CPU
		{AE2BA9A5-AFCD-4D98-87DC-71D6DCBC2C21}.Release|ARM64.ActiveCfg = Release|Any CPU
		{AE2BA9A5-AFCD-4D98-87DC-71D6DCBC2C21}.Release|ARM64.Build.0 = Release|Any CPU
		{AE2BA9A5-AFCD-4D98-87DC-71D6DCBC2C21}.Release|x64.ActiveCfg = Release|Any CPU
		{AE2BA9A5-AFCD-4D98-87DC-71D6DCBC2C21}.Release|x64.Build.0 = Release|Any CPU
		{AE2BA9A5-AFCD-4D98-87DC-71D6DCBC2C21}.Release|x86.ActiveCfg = Release|Any CPU
		{AE2BA9A5-AFCD-4D98-87DC-71D6DCBC2C21}.Release|x86.Build.0 = Release|Any CPU
		{2C83BE21-3C11-46B2-9831-5B84E4912BFB}.Debug|Any CPU.ActiveCfg = Debug|Any CPU
		{2C83BE21-3C11-46B2-9831-5B84E4912BFB}.Debug|Any CPU.Build.0 = Debug|Any CPU
		{2C83BE21-3C11-46B2-9831-5B84E4912BFB}.Debug|ARM.ActiveCfg = Debug|Any CPU
		{2C83BE21-3C11-46B2-9831-5B84E4912BFB}.Debug|ARM.Build.0 = Debug|Any CPU
		{2C83BE21-3C11-46B2-9831-5B84E4912BFB}.Debug|ARM64.ActiveCfg = Debug|Any CPU
		{2C83BE21-3C11-46B2-9831-5B84E4912BFB}.Debug|ARM64.Build.0 = Debug|Any CPU
		{2C83BE21-3C11-46B2-9831-5B84E4912BFB}.Debug|x64.ActiveCfg = Debug|Any CPU
		{2C83BE21-3C11-46B2-9831-5B84E4912BFB}.Debug|x64.Build.0 = Debug|Any CPU
		{2C83BE21-3C11-46B2-9831-5B84E4912BFB}.Debug|x86.ActiveCfg = Debug|Any CPU
		{2C83BE21-3C11-46B2-9831-5B84E4912BFB}.Debug|x86.Build.0 = Debug|Any CPU
		{2C83BE21-3C11-46B2-9831-5B84E4912BFB}.Release|Any CPU.ActiveCfg = Release|Any CPU
		{2C83BE21-3C11-46B2-9831-5B84E4912BFB}.Release|Any CPU.Build.0 = Release|Any CPU
		{2C83BE21-3C11-46B2-9831-5B84E4912BFB}.Release|ARM.ActiveCfg = Release|Any CPU
		{2C83BE21-3C11-46B2-9831-5B84E4912BFB}.Release|ARM.Build.0 = Release|Any CPU
		{2C83BE21-3C11-46B2-9831-5B84E4912BFB}.Release|ARM64.ActiveCfg = Release|Any CPU
		{2C83BE21-3C11-46B2-9831-5B84E4912BFB}.Release|ARM64.Build.0 = Release|Any CPU
		{2C83BE21-3C11-46B2-9831-5B84E4912BFB}.Release|x64.ActiveCfg = Release|Any CPU
		{2C83BE21-3C11-46B2-9831-5B84E4912BFB}.Release|x64.Build.0 = Release|Any CPU
		{2C83BE21-3C11-46B2-9831-5B84E4912BFB}.Release|x86.ActiveCfg = Release|Any CPU
		{2C83BE21-3C11-46B2-9831-5B84E4912BFB}.Release|x86.Build.0 = Release|Any CPU
	EndGlobalSection
	GlobalSection(SolutionProperties) = preSolution
		HideSolutionNode = FALSE
	EndGlobalSection
	GlobalSection(ExtensibilityGlobals) = postSolution
		SolutionGuid = {748E3661-3906-4840-B5DE-843E083BAE5E}
	EndGlobalSection
EndGlobal
